// !$*UTF8*$!
{
	archiveVersion = 1;
	classes = {
	};
	objectVersion = 50;
	objects = {

/* Begin PBXBuildFile section */
		F69B3F47237BE9F9008F7AA0 /* NqwlPageCollectionViewLaout.swift in Sources */ = {isa = PBXBuildFile; fileRef = F69B3F3F237BE9F9008F7AA0 /* NqwlPageCollectionViewLaout.swift */; };
		F69B3F48237BE9F9008F7AA0 /* NqwlTitleView.swift in Sources */ = {isa = PBXBuildFile; fileRef = F69B3F40237BE9F9008F7AA0 /* NqwlTitleView.swift */; };
		F69B3F49237BE9F9008F7AA0 /* NqwlPageView.swift in Sources */ = {isa = PBXBuildFile; fileRef = F69B3F41237BE9F9008F7AA0 /* NqwlPageView.swift */; };
		F69B3F4A237BE9F9008F7AA0 /* NqwlTitleStyle.swift in Sources */ = {isa = PBXBuildFile; fileRef = F69B3F42237BE9F9008F7AA0 /* NqwlTitleStyle.swift */; };
		F69B3F4B237BE9F9008F7AA0 /* NqwlTitleCell.swift in Sources */ = {isa = PBXBuildFile; fileRef = F69B3F43237BE9F9008F7AA0 /* NqwlTitleCell.swift */; };
		F69B3F4C237BE9F9008F7AA0 /* NqwlPageCollectionView.swift in Sources */ = {isa = PBXBuildFile; fileRef = F69B3F44237BE9F9008F7AA0 /* NqwlPageCollectionView.swift */; };
		F69B3F4D237BE9F9008F7AA0 /* NqwlTitleCell.xib in Resources */ = {isa = PBXBuildFile; fileRef = F69B3F45237BE9F9008F7AA0 /* NqwlTitleCell.xib */; };
		F69B3F4E237BE9F9008F7AA0 /* NqwlContentView.swift in Sources */ = {isa = PBXBuildFile; fileRef = F69B3F46237BE9F9008F7AA0 /* NqwlContentView.swift */; };
		F69B3F50237BF367008F7AA0 /* Common.swift in Sources */ = {isa = PBXBuildFile; fileRef = F69B3F4F237BF367008F7AA0 /* Common.swift */; };
		F69B3F53237BF37C008F7AA0 /* UIImage-Color.swift in Sources */ = {isa = PBXBuildFile; fileRef = F69B3F51237BF37C008F7AA0 /* UIImage-Color.swift */; };
		F69B3F54237BF37C008F7AA0 /* UIColor-Extension.swift in Sources */ = {isa = PBXBuildFile; fileRef = F69B3F52237BF37C008F7AA0 /* UIColor-Extension.swift */; };
		F69B3F56237BF60A008F7AA0 /* NContentViewController.swift in Sources */ = {isa = PBXBuildFile; fileRef = F69B3F55237BF60A008F7AA0 /* NContentViewController.swift */; };
		F69B3F58237BFD1E008F7AA0 /* NBaseViewController.swift in Sources */ = {isa = PBXBuildFile; fileRef = F69B3F57237BFD1E008F7AA0 /* NBaseViewController.swift */; };
		F69B3F5A237BFE85008F7AA0 /* NTopTableView.swift in Sources */ = {isa = PBXBuildFile; fileRef = F69B3F59237BFE85008F7AA0 /* NTopTableView.swift */; };
		F6A000BC237ABF1800E7B27A /* AppDelegate.swift in Sources */ = {isa = PBXBuildFile; fileRef = F6A000BB237ABF1800E7B27A /* AppDelegate.swift */; };
		F6A000BE237ABF1800E7B27A /* SceneDelegate.swift in Sources */ = {isa = PBXBuildFile; fileRef = F6A000BD237ABF1800E7B27A /* SceneDelegate.swift */; };
		F6A000C0237ABF1800E7B27A /* ViewController.swift in Sources */ = {isa = PBXBuildFile; fileRef = F6A000BF237ABF1800E7B27A /* ViewController.swift */; };
		F6A000C3237ABF1800E7B27A /* Main.storyboard in Resources */ = {isa = PBXBuildFile; fileRef = F6A000C1237ABF1800E7B27A /* Main.storyboard */; };
		F6A000C5237ABF1900E7B27A /* Assets.xcassets in Resources */ = {isa = PBXBuildFile; fileRef = F6A000C4237ABF1900E7B27A /* Assets.xcassets */; };
		F6A000C8237ABF1900E7B27A /* LaunchScreen.storyboard in Resources */ = {isa = PBXBuildFile; fileRef = F6A000C6237ABF1900E7B27A /* LaunchScreen.storyboard */; };
		F6A000D3237ABF1900E7B27A /* SwiftKnowledgePointTests.swift in Sources */ = {isa = PBXBuildFile; fileRef = F6A000D2237ABF1900E7B27A /* SwiftKnowledgePointTests.swift */; };
		F6A000DE237ABF1A00E7B27A /* SwiftKnowledgePointUITests.swift in Sources */ = {isa = PBXBuildFile; fileRef = F6A000DD237ABF1A00E7B27A /* SwiftKnowledgePointUITests.swift */; };
		F6A000EC237ABFE000E7B27A /* PointViewController.swift in Sources */ = {isa = PBXBuildFile; fileRef = F6A000EB237ABFE000E7B27A /* PointViewController.swift */; };
/* End PBXBuildFile section */

/* Begin PBXContainerItemProxy section */
		F6A000CF237ABF1900E7B27A /* PBXContainerItemProxy */ = {
			isa = PBXContainerItemProxy;
			containerPortal = F6A000B0237ABF1800E7B27A /* Project object */;
			proxyType = 1;
			remoteGlobalIDString = F6A000B7237ABF1800E7B27A;
			remoteInfo = SwiftKnowledgePoint;
		};
		F6A000DA237ABF1A00E7B27A /* PBXContainerItemProxy */ = {
			isa = PBXContainerItemProxy;
			containerPortal = F6A000B0237ABF1800E7B27A /* Project object */;
			proxyType = 1;
			remoteGlobalIDString = F6A000B7237ABF1800E7B27A;
			remoteInfo = SwiftKnowledgePoint;
		};
/* End PBXContainerItemProxy section */

/* Begin PBXFileReference section */
		F69B3F3F237BE9F9008F7AA0 /* NqwlPageCollectionViewLaout.swift */ = {isa = PBXFileReference; fileEncoding = 4; lastKnownFileType = sourcecode.swift; path = NqwlPageCollectionViewLaout.swift; sourceTree = "<group>"; };
		F69B3F40237BE9F9008F7AA0 /* NqwlTitleView.swift */ = {isa = PBXFileReference; fileEncoding = 4; lastKnownFileType = sourcecode.swift; path = NqwlTitleView.swift; sourceTree = "<group>"; };
		F69B3F41237BE9F9008F7AA0 /* NqwlPageView.swift */ = {isa = PBXFileReference; fileEncoding = 4; lastKnownFileType = sourcecode.swift; path = NqwlPageView.swift; sourceTree = "<group>"; };
		F69B3F42237BE9F9008F7AA0 /* NqwlTitleStyle.swift */ = {isa = PBXFileReference; fileEncoding = 4; lastKnownFileType = sourcecode.swift; path = NqwlTitleStyle.swift; sourceTree = "<group>"; };
		F69B3F43237BE9F9008F7AA0 /* NqwlTitleCell.swift */ = {isa = PBXFileReference; fileEncoding = 4; lastKnownFileType = sourcecode.swift; path = NqwlTitleCell.swift; sourceTree = "<group>"; };
		F69B3F44237BE9F9008F7AA0 /* NqwlPageCollectionView.swift */ = {isa = PBXFileReference; fileEncoding = 4; lastKnownFileType = sourcecode.swift; path = NqwlPageCollectionView.swift; sourceTree = "<group>"; };
		F69B3F45237BE9F9008F7AA0 /* NqwlTitleCell.xib */ = {isa = PBXFileReference; fileEncoding = 4; lastKnownFileType = file.xib; path = NqwlTitleCell.xib; sourceTree = "<group>"; };
		F69B3F46237BE9F9008F7AA0 /* NqwlContentView.swift */ = {isa = PBXFileReference; fileEncoding = 4; lastKnownFileType = sourcecode.swift; path = NqwlContentView.swift; sourceTree = "<group>"; };
		F69B3F4F237BF367008F7AA0 /* Common.swift */ = {isa = PBXFileReference; fileEncoding = 4; lastKnownFileType = sourcecode.swift; path = Common.swift; sourceTree = "<group>"; };
		F69B3F51237BF37C008F7AA0 /* UIImage-Color.swift */ = {isa = PBXFileReference; fileEncoding = 4; lastKnownFileType = sourcecode.swift; path = "UIImage-Color.swift"; sourceTree = "<group>"; };
		F69B3F52237BF37C008F7AA0 /* UIColor-Extension.swift */ = {isa = PBXFileReference; fileEncoding = 4; lastKnownFileType = sourcecode.swift; path = "UIColor-Extension.swift"; sourceTree = "<group>"; };
		F69B3F55237BF60A008F7AA0 /* NContentViewController.swift */ = {isa = PBXFileReference; lastKnownFileType = sourcecode.swift; path = NContentViewController.swift; sourceTree = "<group>"; };
		F69B3F57237BFD1E008F7AA0 /* NBaseViewController.swift */ = {isa = PBXFileReference; lastKnownFileType = sourcecode.swift; path = NBaseViewController.swift; sourceTree = "<group>"; };
		F69B3F59237BFE85008F7AA0 /* NTopTableView.swift */ = {isa = PBXFileReference; lastKnownFileType = sourcecode.swift; path = NTopTableView.swift; sourceTree = "<group>"; };
		F6A000B8237ABF1800E7B27A /* Swift Coding.app */ = {isa = PBXFileReference; explicitFileType = wrapper.application; includeInIndex = 0; path = "Swift Coding.app"; sourceTree = BUILT_PRODUCTS_DIR; };
		F6A000BB237ABF1800E7B27A /* AppDelegate.swift */ = {isa = PBXFileReference; lastKnownFileType = sourcecode.swift; path = AppDelegate.swift; sourceTree = "<group>"; };
		F6A000BD237ABF1800E7B27A /* SceneDelegate.swift */ = {isa = PBXFileReference; lastKnownFileType = sourcecode.swift; path = SceneDelegate.swift; sourceTree = "<group>"; };
		F6A000BF237ABF1800E7B27A /* ViewController.swift */ = {isa = PBXFileReference; lastKnownFileType = sourcecode.swift; path = ViewController.swift; sourceTree = "<group>"; };
		F6A000C2237ABF1800E7B27A /* Base */ = {isa = PBXFileReference; lastKnownFileType = file.storyboard; name = Base; path = Base.lproj/Main.storyboard; sourceTree = "<group>"; };
		F6A000C4237ABF1900E7B27A /* Assets.xcassets */ = {isa = PBXFileReference; lastKnownFileType = folder.assetcatalog; path = Assets.xcassets; sourceTree = "<group>"; };
		F6A000C7237ABF1900E7B27A /* Base */ = {isa = PBXFileReference; lastKnownFileType = file.storyboard; name = Base; path = Base.lproj/LaunchScreen.storyboard; sourceTree = "<group>"; };
		F6A000C9237ABF1900E7B27A /* Info.plist */ = {isa = PBXFileReference; lastKnownFileType = text.plist.xml; path = Info.plist; sourceTree = "<group>"; };
		F6A000CE237ABF1900E7B27A /* SwiftKnowledgePointTests.xctest */ = {isa = PBXFileReference; explicitFileType = wrapper.cfbundle; includeInIndex = 0; path = SwiftKnowledgePointTests.xctest; sourceTree = BUILT_PRODUCTS_DIR; };
		F6A000D2237ABF1900E7B27A /* SwiftKnowledgePointTests.swift */ = {isa = PBXFileReference; lastKnownFileType = sourcecode.swift; path = SwiftKnowledgePointTests.swift; sourceTree = "<group>"; };
		F6A000D4237ABF1900E7B27A /* Info.plist */ = {isa = PBXFileReference; lastKnownFileType = text.plist.xml; path = Info.plist; sourceTree = "<group>"; };
		F6A000D9237ABF1A00E7B27A /* SwiftKnowledgePointUITests.xctest */ = {isa = PBXFileReference; explicitFileType = wrapper.cfbundle; includeInIndex = 0; path = SwiftKnowledgePointUITests.xctest; sourceTree = BUILT_PRODUCTS_DIR; };
		F6A000DD237ABF1A00E7B27A /* SwiftKnowledgePointUITests.swift */ = {isa = PBXFileReference; lastKnownFileType = sourcecode.swift; path = SwiftKnowledgePointUITests.swift; sourceTree = "<group>"; };
		F6A000DF237ABF1A00E7B27A /* Info.plist */ = {isa = PBXFileReference; lastKnownFileType = text.plist.xml; path = Info.plist; sourceTree = "<group>"; };
		F6A000EB237ABFE000E7B27A /* PointViewController.swift */ = {isa = PBXFileReference; lastKnownFileType = sourcecode.swift; path = PointViewController.swift; sourceTree = "<group>"; };
/* End PBXFileReference section */

/* Begin PBXFrameworksBuildPhase section */
		F6A000B5237ABF1800E7B27A /* Frameworks */ = {
			isa = PBXFrameworksBuildPhase;
			buildActionMask = 2147483647;
			files = (
			);
			runOnlyForDeploymentPostprocessing = 0;
		};
		F6A000CB237ABF1900E7B27A /* Frameworks */ = {
			isa = PBXFrameworksBuildPhase;
			buildActionMask = 2147483647;
			files = (
			);
			runOnlyForDeploymentPostprocessing = 0;
		};
		F6A000D6237ABF1A00E7B27A /* Frameworks */ = {
			isa = PBXFrameworksBuildPhase;
			buildActionMask = 2147483647;
			files = (
			);
			runOnlyForDeploymentPostprocessing = 0;
		};
/* End PBXFrameworksBuildPhase section */

/* Begin PBXGroup section */
		F614B809237CE68000A9EBA6 /* NPageCtr */ = {
			isa = PBXGroup;
			children = (
				F69B3F59237BFE85008F7AA0 /* NTopTableView.swift */,
				F69B3F55237BF60A008F7AA0 /* NContentViewController.swift */,
				F69B3F57237BFD1E008F7AA0 /* NBaseViewController.swift */,
			);
			path = NPageCtr;
			sourceTree = "<group>";
		};
		F69B3F3E237BE9F9008F7AA0 /* PageView */ = {
			isa = PBXGroup;
			children = (
				F69B3F51237BF37C008F7AA0 /* UIImage-Color.swift */,
				F69B3F3F237BE9F9008F7AA0 /* NqwlPageCollectionViewLaout.swift */,
				F69B3F40237BE9F9008F7AA0 /* NqwlTitleView.swift */,
				F69B3F41237BE9F9008F7AA0 /* NqwlPageView.swift */,
				F69B3F42237BE9F9008F7AA0 /* NqwlTitleStyle.swift */,
				F69B3F43237BE9F9008F7AA0 /* NqwlTitleCell.swift */,
				F69B3F44237BE9F9008F7AA0 /* NqwlPageCollectionView.swift */,
				F69B3F45237BE9F9008F7AA0 /* NqwlTitleCell.xib */,
				F69B3F46237BE9F9008F7AA0 /* NqwlContentView.swift */,
			);
			path = PageView;
			sourceTree = "<group>";
		};
		F6A000AF237ABF1800E7B27A = {
			isa = PBXGroup;
			children = (
				F6A000BA237ABF1800E7B27A /* SwiftKnowledgePoint */,
				F6A000D1237ABF1900E7B27A /* SwiftKnowledgePointTests */,
				F6A000DC237ABF1A00E7B27A /* SwiftKnowledgePointUITests */,
				F6A000B9237ABF1800E7B27A /* Products */,
			);
			sourceTree = "<group>";
		};
		F6A000B9237ABF1800E7B27A /* Products */ = {
			isa = PBXGroup;
			children = (
				F6A000B8237ABF1800E7B27A /* Swift Coding.app */,
				F6A000CE237ABF1900E7B27A /* SwiftKnowledgePointTests.xctest */,
				F6A000D9237ABF1A00E7B27A /* SwiftKnowledgePointUITests.xctest */,
			);
			name = Products;
			sourceTree = "<group>";
		};
		F6A000BA237ABF1800E7B27A /* SwiftKnowledgePoint */ = {
			isa = PBXGroup;
			children = (
				F6A000BB237ABF1800E7B27A /* AppDelegate.swift */,
				F69B3F52237BF37C008F7AA0 /* UIColor-Extension.swift */,
				F69B3F4F237BF367008F7AA0 /* Common.swift */,
				F6A000BD237ABF1800E7B27A /* SceneDelegate.swift */,
				F6A000BF237ABF1800E7B27A /* ViewController.swift */,
				F6A000EB237ABFE000E7B27A /* PointViewController.swift */,
				F614B809237CE68000A9EBA6 /* NPageCtr */,
				F69B3F3E237BE9F9008F7AA0 /* PageView */,
				F6A000C1237ABF1800E7B27A /* Main.storyboard */,
				F6A000C4237ABF1900E7B27A /* Assets.xcassets */,
				F6A000C6237ABF1900E7B27A /* LaunchScreen.storyboard */,
				F6A000C9237ABF1900E7B27A /* Info.plist */,
			);
			path = SwiftKnowledgePoint;
			sourceTree = "<group>";
		};
		F6A000D1237ABF1900E7B27A /* SwiftKnowledgePointTests */ = {
			isa = PBXGroup;
			children = (
				F6A000D2237ABF1900E7B27A /* SwiftKnowledgePointTests.swift */,
				F6A000D4237ABF1900E7B27A /* Info.plist */,
			);
			path = SwiftKnowledgePointTests;
			sourceTree = "<group>";
		};
		F6A000DC237ABF1A00E7B27A /* SwiftKnowledgePointUITests */ = {
			isa = PBXGroup;
			children = (
				F6A000DD237ABF1A00E7B27A /* SwiftKnowledgePointUITests.swift */,
				F6A000DF237ABF1A00E7B27A /* Info.plist */,
			);
			path = SwiftKnowledgePointUITests;
			sourceTree = "<group>";
		};
/* End PBXGroup section */

/* Begin PBXNativeTarget section */
		F6A000B7237ABF1800E7B27A /* SwiftKnowledgePoint */ = {
			isa = PBXNativeTarget;
			buildConfigurationList = F6A000E2237ABF1A00E7B27A /* Build configuration list for PBXNativeTarget "SwiftKnowledgePoint" */;
			buildPhases = (
				F6A000B4237ABF1800E7B27A /* Sources */,
				F6A000B5237ABF1800E7B27A /* Frameworks */,
				F6A000B6237ABF1800E7B27A /* Resources */,
			);
			buildRules = (
			);
			dependencies = (
			);
			name = SwiftKnowledgePoint;
			productName = SwiftKnowledgePoint;
			productReference = F6A000B8237ABF1800E7B27A /* Swift Coding.app */;
			productType = "com.apple.product-type.application";
		};
		F6A000CD237ABF1900E7B27A /* SwiftKnowledgePointTests */ = {
			isa = PBXNativeTarget;
			buildConfigurationList = F6A000E5237ABF1A00E7B27A /* Build configuration list for PBXNativeTarget "SwiftKnowledgePointTests" */;
			buildPhases = (
				F6A000CA237ABF1900E7B27A /* Sources */,
				F6A000CB237ABF1900E7B27A /* Frameworks */,
				F6A000CC237ABF1900E7B27A /* Resources */,
			);
			buildRules = (
			);
			dependencies = (
				F6A000D0237ABF1900E7B27A /* PBXTargetDependency */,
			);
			name = SwiftKnowledgePointTests;
			productName = SwiftKnowledgePointTests;
			productReference = F6A000CE237ABF1900E7B27A /* SwiftKnowledgePointTests.xctest */;
			productType = "com.apple.product-type.bundle.unit-test";
		};
		F6A000D8237ABF1A00E7B27A /* SwiftKnowledgePointUITests */ = {
			isa = PBXNativeTarget;
			buildConfigurationList = F6A000E8237ABF1A00E7B27A /* Build configuration list for PBXNativeTarget "SwiftKnowledgePointUITests" */;
			buildPhases = (
				F6A000D5237ABF1A00E7B27A /* Sources */,
				F6A000D6237ABF1A00E7B27A /* Frameworks */,
				F6A000D7237ABF1A00E7B27A /* Resources */,
			);
			buildRules = (
			);
			dependencies = (
				F6A000DB237ABF1A00E7B27A /* PBXTargetDependency */,
			);
			name = SwiftKnowledgePointUITests;
			productName = SwiftKnowledgePointUITests;
			productReference = F6A000D9237ABF1A00E7B27A /* SwiftKnowledgePointUITests.xctest */;
			productType = "com.apple.product-type.bundle.ui-testing";
		};
/* End PBXNativeTarget section */

/* Begin PBXProject section */
		F6A000B0237ABF1800E7B27A /* Project object */ = {
			isa = PBXProject;
			attributes = {
				LastSwiftUpdateCheck = 1120;
				LastUpgradeCheck = 1120;
				ORGANIZATIONNAME = Nqwl;
				TargetAttributes = {
					F6A000B7237ABF1800E7B27A = {
						CreatedOnToolsVersion = 11.2;
					};
					F6A000CD237ABF1900E7B27A = {
						CreatedOnToolsVersion = 11.2;
						TestTargetID = F6A000B7237ABF1800E7B27A;
					};
					F6A000D8237ABF1A00E7B27A = {
						CreatedOnToolsVersion = 11.2;
						TestTargetID = F6A000B7237ABF1800E7B27A;
					};
				};
			};
			buildConfigurationList = F6A000B3237ABF1800E7B27A /* Build configuration list for PBXProject "SwiftKnowledgePoint" */;
			compatibilityVersion = "Xcode 9.3";
			developmentRegion = en;
			hasScannedForEncodings = 0;
			knownRegions = (
				en,
				Base,
			);
			mainGroup = F6A000AF237ABF1800E7B27A;
			productRefGroup = F6A000B9237ABF1800E7B27A /* Products */;
			projectDirPath = "";
			projectRoot = "";
			targets = (
				F6A000B7237ABF1800E7B27A /* SwiftKnowledgePoint */,
				F6A000CD237ABF1900E7B27A /* SwiftKnowledgePointTests */,
				F6A000D8237ABF1A00E7B27A /* SwiftKnowledgePointUITests */,
			);
		};
/* End PBXProject section */

/* Begin PBXResourcesBuildPhase section */
		F6A000B6237ABF1800E7B27A /* Resources */ = {
			isa = PBXResourcesBuildPhase;
			buildActionMask = 2147483647;
			files = (
				F6A000C8237ABF1900E7B27A /* LaunchScreen.storyboard in Resources */,
				F6A000C5237ABF1900E7B27A /* Assets.xcassets in Resources */,
				F69B3F4D237BE9F9008F7AA0 /* NqwlTitleCell.xib in Resources */,
				F6A000C3237ABF1800E7B27A /* Main.storyboard in Resources */,
			);
			runOnlyForDeploymentPostprocessing = 0;
		};
		F6A000CC237ABF1900E7B27A /* Resources */ = {
			isa = PBXResourcesBuildPhase;
			buildActionMask = 2147483647;
			files = (
			);
			runOnlyForDeploymentPostprocessing = 0;
		};
		F6A000D7237ABF1A00E7B27A /* Resources */ = {
			isa = PBXResourcesBuildPhase;
			buildActionMask = 2147483647;
			files = (
			);
			runOnlyForDeploymentPostprocessing = 0;
		};
/* End PBXResourcesBuildPhase section */

/* Begin PBXSourcesBuildPhase section */
		F6A000B4237ABF1800E7B27A /* Sources */ = {
			isa = PBXSourcesBuildPhase;
			buildActionMask = 2147483647;
			files = (
				F69B3F4E237BE9F9008F7AA0 /* NqwlContentView.swift in Sources */,
				F69B3F54237BF37C008F7AA0 /* UIColor-Extension.swift in Sources */,
				F69B3F53237BF37C008F7AA0 /* UIImage-Color.swift in Sources */,
				F69B3F50237BF367008F7AA0 /* Common.swift in Sources */,
				F6A000C0237ABF1800E7B27A /* ViewController.swift in Sources */,
				F69B3F4B237BE9F9008F7AA0 /* NqwlTitleCell.swift in Sources */,
				F69B3F48237BE9F9008F7AA0 /* NqwlTitleView.swift in Sources */,
				F6A000EC237ABFE000E7B27A /* PointViewController.swift in Sources */,
				F69B3F4A237BE9F9008F7AA0 /* NqwlTitleStyle.swift in Sources */,
				F6A000BC237ABF1800E7B27A /* AppDelegate.swift in Sources */,
				F69B3F58237BFD1E008F7AA0 /* NBaseViewController.swift in Sources */,
				F69B3F5A237BFE85008F7AA0 /* NTopTableView.swift in Sources */,
				F6A000BE237ABF1800E7B27A /* SceneDelegate.swift in Sources */,
				F69B3F47237BE9F9008F7AA0 /* NqwlPageCollectionViewLaout.swift in Sources */,
				F69B3F49237BE9F9008F7AA0 /* NqwlPageView.swift in Sources */,
				F69B3F4C237BE9F9008F7AA0 /* NqwlPageCollectionView.swift in Sources */,
				F69B3F56237BF60A008F7AA0 /* NContentViewController.swift in Sources */,
			);
			runOnlyForDeploymentPostprocessing = 0;
		};
		F6A000CA237ABF1900E7B27A /* Sources */ = {
			isa = PBXSourcesBuildPhase;
			buildActionMask = 2147483647;
			files = (
				F6A000D3237ABF1900E7B27A /* SwiftKnowledgePointTests.swift in Sources */,
			);
			runOnlyForDeploymentPostprocessing = 0;
		};
		F6A000D5237ABF1A00E7B27A /* Sources */ = {
			isa = PBXSourcesBuildPhase;
			buildActionMask = 2147483647;
			files = (
				F6A000DE237ABF1A00E7B27A /* SwiftKnowledgePointUITests.swift in Sources */,
			);
			runOnlyForDeploymentPostprocessing = 0;
		};
/* End PBXSourcesBuildPhase section */

/* Begin PBXTargetDependency section */
		F6A000D0237ABF1900E7B27A /* PBXTargetDependency */ = {
			isa = PBXTargetDependency;
			target = F6A000B7237ABF1800E7B27A /* SwiftKnowledgePoint */;
			targetProxy = F6A000CF237ABF1900E7B27A /* PBXContainerItemProxy */;
		};
		F6A000DB237ABF1A00E7B27A /* PBXTargetDependency */ = {
			isa = PBXTargetDependency;
			target = F6A000B7237ABF1800E7B27A /* SwiftKnowledgePoint */;
			targetProxy = F6A000DA237ABF1A00E7B27A /* PBXContainerItemProxy */;
		};
/* End PBXTargetDependency section */

/* Begin PBXVariantGroup section */
		F6A000C1237ABF1800E7B27A /* Main.storyboard */ = {
			isa = PBXVariantGroup;
			children = (
				F6A000C2237ABF1800E7B27A /* Base */,
			);
			name = Main.storyboard;
			sourceTree = "<group>";
		};
		F6A000C6237ABF1900E7B27A /* LaunchScreen.storyboard */ = {
			isa = PBXVariantGroup;
			children = (
				F6A000C7237ABF1900E7B27A /* Base */,
			);
			name = LaunchScreen.storyboard;
			sourceTree = "<group>";
		};
/* End PBXVariantGroup section */

/* Begin XCBuildConfiguration section */
		F6A000E0237ABF1A00E7B27A /* Debug */ = {
			isa = XCBuildConfiguration;
			buildSettings = {
				ALWAYS_SEARCH_USER_PATHS = NO;
				CLANG_ANALYZER_NONNULL = YES;
				CLANG_ANALYZER_NUMBER_OBJECT_CONVERSION = YES_AGGRESSIVE;
				CLANG_CXX_LANGUAGE_STANDARD = "gnu++14";
				CLANG_CXX_LIBRARY = "libc++";
				CLANG_ENABLE_MODULES = YES;
				CLANG_ENABLE_OBJC_ARC = YES;
				CLANG_ENABLE_OBJC_WEAK = YES;
				CLANG_WARN_BLOCK_CAPTURE_AUTORELEASING = YES;
				CLANG_WARN_BOOL_CONVERSION = YES;
				CLANG_WARN_COMMA = YES;
				CLANG_WARN_CONSTANT_CONVERSION = YES;
				CLANG_WARN_DEPRECATED_OBJC_IMPLEMENTATIONS = YES;
				CLANG_WARN_DIRECT_OBJC_ISA_USAGE = YES_ERROR;
				CLANG_WARN_DOCUMENTATION_COMMENTS = YES;
				CLANG_WARN_EMPTY_BODY = YES;
				CLANG_WARN_ENUM_CONVERSION = YES;
				CLANG_WARN_INFINITE_RECURSION = YES;
				CLANG_WARN_INT_CONVERSION = YES;
				CLANG_WARN_NON_LITERAL_NULL_CONVERSION = YES;
				CLANG_WARN_OBJC_IMPLICIT_RETAIN_SELF = YES;
				CLANG_WARN_OBJC_LITERAL_CONVERSION = YES;
				CLANG_WARN_OBJC_ROOT_CLASS = YES_ERROR;
				CLANG_WARN_RANGE_LOOP_ANALYSIS = YES;
				CLANG_WARN_STRICT_PROTOTYPES = YES;
				CLANG_WARN_SUSPICIOUS_MOVE = YES;
				CLANG_WARN_UNGUARDED_AVAILABILITY = YES_AGGRESSIVE;
				CLANG_WARN_UNREACHABLE_CODE = YES;
				CLANG_WARN__DUPLICATE_METHOD_MATCH = YES;
				COPY_PHASE_STRIP = NO;
				DEBUG_INFORMATION_FORMAT = dwarf;
				ENABLE_STRICT_OBJC_MSGSEND = YES;
				ENABLE_TESTABILITY = YES;
				GCC_C_LANGUAGE_STANDARD = gnu11;
				GCC_DYNAMIC_NO_PIC = NO;
				GCC_NO_COMMON_BLOCKS = YES;
				GCC_OPTIMIZATION_LEVEL = 0;
				GCC_PREPROCESSOR_DEFINITIONS = (
					"DEBUG=1",
					"$(inherited)",
				);
				GCC_WARN_64_TO_32_BIT_CONVERSION = YES;
				GCC_WARN_ABOUT_RETURN_TYPE = YES_ERROR;
				GCC_WARN_UNDECLARED_SELECTOR = YES;
				GCC_WARN_UNINITIALIZED_AUTOS = YES_AGGRESSIVE;
				GCC_WARN_UNUSED_FUNCTION = YES;
				GCC_WARN_UNUSED_VARIABLE = YES;
				IPHONEOS_DEPLOYMENT_TARGET = 13.2;
				MTL_ENABLE_DEBUG_INFO = INCLUDE_SOURCE;
				MTL_FAST_MATH = YES;
				ONLY_ACTIVE_ARCH = YES;
				SDKROOT = iphoneos;
				SWIFT_ACTIVE_COMPILATION_CONDITIONS = DEBUG;
				SWIFT_OPTIMIZATION_LEVEL = "-Onone";
			};
			name = Debug;
		};
		F6A000E1237ABF1A00E7B27A /* Release */ = {
			isa = XCBuildConfiguration;
			buildSettings = {
				ALWAYS_SEARCH_USER_PATHS = NO;
				CLANG_ANALYZER_NONNULL = YES;
				CLANG_ANALYZER_NUMBER_OBJECT_CONVERSION = YES_AGGRESSIVE;
				CLANG_CXX_LANGUAGE_STANDARD = "gnu++14";
				CLANG_CXX_LIBRARY = "libc++";
				CLANG_ENABLE_MODULES = YES;
				CLANG_ENABLE_OBJC_ARC = YES;
				CLANG_ENABLE_OBJC_WEAK = YES;
				CLANG_WARN_BLOCK_CAPTURE_AUTORELEASING = YES;
				CLANG_WARN_BOOL_CONVERSION = YES;
				CLANG_WARN_COMMA = YES;
				CLANG_WARN_CONSTANT_CONVERSION = YES;
				CLANG_WARN_DEPRECATED_OBJC_IMPLEMENTATIONS = YES;
				CLANG_WARN_DIRECT_OBJC_ISA_USAGE = YES_ERROR;
				CLANG_WARN_DOCUMENTATION_COMMENTS = YES;
				CLANG_WARN_EMPTY_BODY = YES;
				CLANG_WARN_ENUM_CONVERSION = YES;
				CLANG_WARN_INFINITE_RECURSION = YES;
				CLANG_WARN_INT_CONVERSION = YES;
				CLANG_WARN_NON_LITERAL_NULL_CONVERSION = YES;
				CLANG_WARN_OBJC_IMPLICIT_RETAIN_SELF = YES;
				CLANG_WARN_OBJC_LITERAL_CONVERSION = YES;
				CLANG_WARN_OBJC_ROOT_CLASS = YES_ERROR;
				CLANG_WARN_RANGE_LOOP_ANALYSIS = YES;
				CLANG_WARN_STRICT_PROTOTYPES = YES;
				CLANG_WARN_SUSPICIOUS_MOVE = YES;
				CLANG_WARN_UNGUARDED_AVAILABILITY = YES_AGGRESSIVE;
				CLANG_WARN_UNREACHABLE_CODE = YES;
				CLANG_WARN__DUPLICATE_METHOD_MATCH = YES;
				COPY_PHASE_STRIP = NO;
				DEBUG_INFORMATION_FORMAT = "dwarf-with-dsym";
				ENABLE_NS_ASSERTIONS = NO;
				ENABLE_STRICT_OBJC_MSGSEND = YES;
				GCC_C_LANGUAGE_STANDARD = gnu11;
				GCC_NO_COMMON_BLOCKS = YES;
				GCC_WARN_64_TO_32_BIT_CONVERSION = YES;
				GCC_WARN_ABOUT_RETURN_TYPE = YES_ERROR;
				GCC_WARN_UNDECLARED_SELECTOR = YES;
				GCC_WARN_UNINITIALIZED_AUTOS = YES_AGGRESSIVE;
				GCC_WARN_UNUSED_FUNCTION = YES;
				GCC_WARN_UNUSED_VARIABLE = YES;
				IPHONEOS_DEPLOYMENT_TARGET = 13.2;
				MTL_ENABLE_DEBUG_INFO = NO;
				MTL_FAST_MATH = YES;
				SDKROOT = iphoneos;
				SWIFT_COMPILATION_MODE = wholemodule;
				SWIFT_OPTIMIZATION_LEVEL = "-O";
				VALIDATE_PRODUCT = YES;
			};
			name = Release;
		};
		F6A000E3237ABF1A00E7B27A /* Debug */ = {
			isa = XCBuildConfiguration;
			buildSettings = {
				ASSETCATALOG_COMPILER_APPICON_NAME = AppIcon;
				CODE_SIGN_STYLE = Automatic;
				DEVELOPMENT_TEAM = JXRRLWEA5J;
				INFOPLIST_FILE = SwiftKnowledgePoint/Info.plist;
				LD_RUNPATH_SEARCH_PATHS = (
					"$(inherited)",
					"@executable_path/Frameworks",
				);
				PRODUCT_BUNDLE_IDENTIFIER = Nqwl.SwiftKnowledgePoint;
				PRODUCT_NAME = "Swift Coding";
				SWIFT_VERSION = 5.0;
				TARGETED_DEVICE_FAMILY = "1,2";
			};
			name = Debug;
		};
		F6A000E4237ABF1A00E7B27A /* Release */ = {
			isa = XCBuildConfiguration;
			buildSettings = {
				ASSETCATALOG_COMPILER_APPICON_NAME = AppIcon;
				CODE_SIGN_STYLE = Automatic;
				DEVELOPMENT_TEAM = JXRRLWEA5J;
				INFOPLIST_FILE = SwiftKnowledgePoint/Info.plist;
				LD_RUNPATH_SEARCH_PATHS = (
					"$(inherited)",
					"@executable_path/Frameworks",
				);
				PRODUCT_BUNDLE_IDENTIFIER = Nqwl.SwiftKnowledgePoint;
				PRODUCT_NAME = "Swift Coding";
				SWIFT_VERSION = 5.0;
				TARGETED_DEVICE_FAMILY = "1,2";
			};
			name = Release;
		};
		F6A000E6237ABF1A00E7B27A /* Debug */ = {
			isa = XCBuildConfiguration;
			buildSettings = {
				ALWAYS_EMBED_SWIFT_STANDARD_LIBRARIES = YES;
				BUNDLE_LOADER = "$(TEST_HOST)";
				CODE_SIGN_STYLE = Automatic;
				DEVELOPMENT_TEAM = JXRRLWEA5J;
				INFOPLIST_FILE = SwiftKnowledgePointTests/Info.plist;
				IPHONEOS_DEPLOYMENT_TARGET = 13.2;
				LD_RUNPATH_SEARCH_PATHS = (
					"$(inherited)",
					"@executable_path/Frameworks",
					"@loader_path/Frameworks",
				);
				PRODUCT_BUNDLE_IDENTIFIER = Nqwl.SwiftKnowledgePointTests;
				PRODUCT_NAME = "$(TARGET_NAME)";
				SWIFT_VERSION = 5.0;
				TARGETED_DEVICE_FAMILY = "1,2";
				TEST_HOST = "$(BUILT_PRODUCTS_DIR)/SwiftKnowledgePoint.app/SwiftKnowledgePoint";
			};
			name = Debug;
		};
		F6A000E7237ABF1A00E7B27A /* Release */ = {
			isa = XCBuildConfiguration;
			buildSettings = {
				ALWAYS_EMBED_SWIFT_STANDARD_LIBRARIES = YES;
				BUNDLE_LOADER = "$(TEST_HOST)";
				CODE_SIGN_STYLE = Automatic;
				DEVELOPMENT_TEAM = JXRRLWEA5J;
				INFOPLIST_FILE = SwiftKnowledgePointTests/Info.plist;
				IPHONEOS_DEPLOYMENT_TARGET = 13.2;
				LD_RUNPATH_SEARCH_PATHS = (
					"$(inherited)",
					"@executable_path/Frameworks",
					"@loader_path/Frameworks",
				);
				PRODUCT_BUNDLE_IDENTIFIER = Nqwl.SwiftKnowledgePointTests;
				PRODUCT_NAME = "$(TARGET_NAME)";
				SWIFT_VERSION = 5.0;
				TARGETED_DEVICE_FAMILY = "1,2";
				TEST_HOST = "$(BUILT_PRODUCTS_DIR)/SwiftKnowledgePoint.app/SwiftKnowledgePoint";
			};
			name = Release;
		};
		F6A000E9237ABF1A00E7B27A /* Debug */ = {
			isa = XCBuildConfiguration;
			buildSettings = {
				ALWAYS_EMBED_SWIFT_STANDARD_LIBRARIES = YES;
				CODE_SIGN_STYLE = Automatic;
				DEVELOPMENT_TEAM = JXRRLWEA5J;
				INFOPLIST_FILE = SwiftKnowledgePointUITests/Info.plist;
				LD_RUNPATH_SEARCH_PATHS = (
					"$(inherited)",
					"@executable_path/Frameworks",
					"@loader_path/Frameworks",
				);
				PRODUCT_BUNDLE_IDENTIFIER = Nqwl.SwiftKnowledgePointUITests;
				PRODUCT_NAME = "$(TARGET_NAME)";
				SWIFT_VERSION = 5.0;
				TARGETED_DEVICE_FAMILY = "1,2";
				TEST_TARGET_NAME = SwiftKnowledgePoint;
			};
			name = Debug;
		};
		F6A000EA237ABF1A00E7B27A /* Release */ = {
			isa = XCBuildConfiguration;
			buildSettings = {
				ALWAYS_EMBED_SWIFT_STANDARD_LIBRARIES = YES;
				CODE_SIGN_STYLE = Automatic;
				DEVELOPMENT_TEAM = JXRRLWEA5J;
				INFOPLIST_FILE = SwiftKnowledgePointUITests/Info.plist;
				LD_RUNPATH_SEARCH_PATHS = (
					"$(inherited)",
					"@executable_path/Frameworks",
					"@loader_path/Frameworks",
				);
				PRODUCT_BUNDLE_IDENTIFIER = Nqwl.SwiftKnowledgePointUITests;
				PRODUCT_NAME = "$(TARGET_NAME)";
				SWIFT_VERSION = 5.0;
				TARGETED_DEVICE_FAMILY = "1,2";
				TEST_TARGET_NAME = SwiftKnowledgePoint;
			};
			name = Release;
		};
/* End XCBuildConfiguration section */

/* Begin XCConfigurationList section */
		F6A000B3237ABF1800E7B27A /* Build configuration list for PBXProject "SwiftKnowledgePoint" */ = {
			isa = XCConfigurationList;
			buildConfigurations = (
				F6A000E0237ABF1A00E7B27A /* Debug */,
				F6A000E1237ABF1A00E7B27A /* Release */,
			);
			defaultConfigurationIsVisible = 0;
			defaultConfigurationName = Release;
		};
		F6A000E2237ABF1A00E7B27A /* Build configuration list for PBXNativeTarget "SwiftKnowledgePoint" */ = {
			isa = XCConfigurationList;
			buildConfigurations = (
				F6A000E3237ABF1A00E7B27A /* Debug */,
				F6A000E4237ABF1A00E7B27A /* Release */,
			);
			defaultConfigurationIsVisible = 0;
			defaultConfigurationName = Release;
		};
		F6A000E5237ABF1A00E7B27A /* Build configuration list for PBXNativeTarget "SwiftKnowledgePointTests" */ = {
			isa = XCConfigurationList;
			buildConfigurations = (
				F6A000E6237ABF1A00E7B27A /* Debug */,
				F6A000E7237ABF1A00E7B27A /* Release */,
			);
			defaultConfigurationIsVisible = 0;
			defaultConfigurationName = Release;
		};
		F6A000E8237ABF1A00E7B27A /* Build configuration list for PBXNativeTarget "SwiftKnowledgePointUITests" */ = {
			isa = XCConfigurationList;
			buildConfigurations = (
				F6A000E9237ABF1A00E7B27A /* Debug */,
				F6A000EA237ABF1A00E7B27A /* Release */,
			);
			defaultConfigurationIsVisible = 0;
			defaultConfigurationName = Release;
		};
/* End XCConfigurationList section */
	};
	rootObject = F6A000B0237ABF1800E7B27A /* Project object */;
}
