// !$*UTF8*$!
{
	archiveVersion = 1;
	classes = {
	};
	objectVersion = 48;
	objects = {

/* Begin PBXBuildFile section */
		67073A2E206487E300937299 /* NetworkExtension.swift in Sources */ = {isa = PBXBuildFile; fileRef = 67073A2D206487E300937299 /* NetworkExtension.swift */; };
		67073A30206487F800937299 /* KingfisherExtension.swift in Sources */ = {isa = PBXBuildFile; fileRef = 67073A2F206487F800937299 /* KingfisherExtension.swift */; };
		672D61602080338200D55C44 /* GifViewController.swift in Sources */ = {isa = PBXBuildFile; fileRef = 672D615E2080338200D55C44 /* GifViewController.swift */; };
		672D61612080338200D55C44 /* GifViewController.xib in Resources */ = {isa = PBXBuildFile; fileRef = 672D615F2080338200D55C44 /* GifViewController.xib */; };
		672D6164208033BF00D55C44 /* ImageFrame.swift in Sources */ = {isa = PBXBuildFile; fileRef = 672D6162208033BF00D55C44 /* ImageFrame.swift */; };
		672D6165208033BF00D55C44 /* Animator.swift in Sources */ = {isa = PBXBuildFile; fileRef = 672D6163208033BF00D55C44 /* Animator.swift */; };
		672D61692080350A00D55C44 /* UIImageView-NqwlGif.swift in Sources */ = {isa = PBXBuildFile; fileRef = 672D61682080350A00D55C44 /* UIImageView-NqwlGif.swift */; };
		672D617220804AC300D55C44 /* CaptrueViewController.swift in Sources */ = {isa = PBXBuildFile; fileRef = 672D617020804AC300D55C44 /* CaptrueViewController.swift */; };
		672D617320804AC300D55C44 /* CaptrueViewController.xib in Resources */ = {isa = PBXBuildFile; fileRef = 672D617120804AC300D55C44 /* CaptrueViewController.xib */; };
		673A8153206A3AA90077FC8B /* NqwlTitleStyle.swift in Sources */ = {isa = PBXBuildFile; fileRef = 673A8152206A3AA90077FC8B /* NqwlTitleStyle.swift */; };
		673A8156206B6A660077FC8B /* NqwlTitleCell.swift in Sources */ = {isa = PBXBuildFile; fileRef = 673A8154206B6A660077FC8B /* NqwlTitleCell.swift */; };
		673A8157206B6A660077FC8B /* NqwlTitleCell.xib in Resources */ = {isa = PBXBuildFile; fileRef = 673A8155206B6A660077FC8B /* NqwlTitleCell.xib */; };
		673D3939208094A0008BEC42 /* GPUImageViewController.swift in Sources */ = {isa = PBXBuildFile; fileRef = 673D3937208094A0008BEC42 /* GPUImageViewController.swift */; };
		673D393A208094A0008BEC42 /* GPUImageViewController.xib in Resources */ = {isa = PBXBuildFile; fileRef = 673D3938208094A0008BEC42 /* GPUImageViewController.xib */; };
		673D393D20847C8F008BEC42 /* ImageViewController.swift in Sources */ = {isa = PBXBuildFile; fileRef = 673D393B20847C8F008BEC42 /* ImageViewController.swift */; };
		673D393E20847C8F008BEC42 /* ImageViewController.xib in Resources */ = {isa = PBXBuildFile; fileRef = 673D393C20847C8F008BEC42 /* ImageViewController.xib */; };
		6749FF04207AF7C600891BCC /* NqwlPageCollectionView.swift in Sources */ = {isa = PBXBuildFile; fileRef = 6749FF03207AF7C600891BCC /* NqwlPageCollectionView.swift */; };
		6749FF08207B333E00891BCC /* XEmotionIcons.bundle in Resources */ = {isa = PBXBuildFile; fileRef = 6749FF07207B333D00891BCC /* XEmotionIcons.bundle */; };
		6749FF11207B466D00891BCC /* EmojiCell.swift in Sources */ = {isa = PBXBuildFile; fileRef = 6749FF0F207B466D00891BCC /* EmojiCell.swift */; };
		6749FF12207B466D00891BCC /* EmojiCell.xib in Resources */ = {isa = PBXBuildFile; fileRef = 6749FF10207B466D00891BCC /* EmojiCell.xib */; };
		6749FF14207C494A00891BCC /* QQEmotionModel.swift in Sources */ = {isa = PBXBuildFile; fileRef = 6749FF13207C494A00891BCC /* QQEmotionModel.swift */; };
		6749FF16207C496A00891BCC /* LXHEmotionModel.swift in Sources */ = {isa = PBXBuildFile; fileRef = 6749FF15207C496A00891BCC /* LXHEmotionModel.swift */; };
		6749FF18207C85A700891BCC /* EmotionViewModel.swift in Sources */ = {isa = PBXBuildFile; fileRef = 6749FF17207C85A700891BCC /* EmotionViewModel.swift */; };
		6765E7FF2079E3DE00B21FA8 /* NqwlPageCollectionViewLaout.swift in Sources */ = {isa = PBXBuildFile; fileRef = 6765E7FE2079E3DE00B21FA8 /* NqwlPageCollectionViewLaout.swift */; };
		6765E808207A023400B21FA8 /* EmojiViewController.swift in Sources */ = {isa = PBXBuildFile; fileRef = 6765E806207A023400B21FA8 /* EmojiViewController.swift */; };
		6765E809207A023400B21FA8 /* EmojiViewController.xib in Resources */ = {isa = PBXBuildFile; fileRef = 6765E807207A023400B21FA8 /* EmojiViewController.xib */; };
		6783090C204E1AE3005A0DFE /* AppDelegate.swift in Sources */ = {isa = PBXBuildFile; fileRef = 6783090B204E1AE3005A0DFE /* AppDelegate.swift */; };
		6783090E204E1AE3005A0DFE /* ViewController.swift in Sources */ = {isa = PBXBuildFile; fileRef = 6783090D204E1AE3005A0DFE /* ViewController.swift */; };
		67830911204E1AE3005A0DFE /* Main.storyboard in Resources */ = {isa = PBXBuildFile; fileRef = 6783090F204E1AE3005A0DFE /* Main.storyboard */; };
		67830913204E1AE3005A0DFE /* Assets.xcassets in Resources */ = {isa = PBXBuildFile; fileRef = 67830912204E1AE3005A0DFE /* Assets.xcassets */; };
		67830916204E1AE3005A0DFE /* LaunchScreen.storyboard in Resources */ = {isa = PBXBuildFile; fileRef = 67830914204E1AE3005A0DFE /* LaunchScreen.storyboard */; };
		67830921204E1AE3005A0DFE /* OpenProject_SwiftTests.swift in Sources */ = {isa = PBXBuildFile; fileRef = 67830920204E1AE3005A0DFE /* OpenProject_SwiftTests.swift */; };
		6783092C204E1AE3005A0DFE /* OpenProject_SwiftUITests.swift in Sources */ = {isa = PBXBuildFile; fileRef = 6783092B204E1AE3005A0DFE /* OpenProject_SwiftUITests.swift */; };
		67830953204E6D1E005A0DFE /* MsgViewController.swift in Sources */ = {isa = PBXBuildFile; fileRef = 6783094A204E6D1D005A0DFE /* MsgViewController.swift */; };
		67830954204E6D1E005A0DFE /* MainViewController.xib in Resources */ = {isa = PBXBuildFile; fileRef = 6783094C204E6D1D005A0DFE /* MainViewController.xib */; };
		67830955204E6D1E005A0DFE /* MainViewController.swift in Sources */ = {isa = PBXBuildFile; fileRef = 6783094D204E6D1D005A0DFE /* MainViewController.swift */; };
		67830956204E6D1E005A0DFE /* MineViewController.xib in Resources */ = {isa = PBXBuildFile; fileRef = 6783094F204E6D1E005A0DFE /* MineViewController.xib */; };
		67830957204E6D1E005A0DFE /* MineViewController.swift in Sources */ = {isa = PBXBuildFile; fileRef = 67830950204E6D1E005A0DFE /* MineViewController.swift */; };
		6783095A204E6D31005A0DFE /* PhotoViewController.swift in Sources */ = {isa = PBXBuildFile; fileRef = 67830958204E6D31005A0DFE /* PhotoViewController.swift */; };
		6783095B204E6D31005A0DFE /* PhotoViewController.xib in Resources */ = {isa = PBXBuildFile; fileRef = 67830959204E6D31005A0DFE /* PhotoViewController.xib */; };
		6783095E204E6D6B005A0DFE /* ExampleProvider.swift in Sources */ = {isa = PBXBuildFile; fileRef = 6783095D204E6D6B005A0DFE /* ExampleProvider.swift */; };
		67830960204E6EAF005A0DFE /* CHBaseNavigationController.swift in Sources */ = {isa = PBXBuildFile; fileRef = 6783095F204E6EAF005A0DFE /* CHBaseNavigationController.swift */; };
		6783096A204E7708005A0DFE /* ExampleBackgroundContentView.swift in Sources */ = {isa = PBXBuildFile; fileRef = 67830963204E7708005A0DFE /* ExampleBackgroundContentView.swift */; };
		6783096B204E7708005A0DFE /* ExampleBouncesContentView.swift in Sources */ = {isa = PBXBuildFile; fileRef = 67830964204E7708005A0DFE /* ExampleBouncesContentView.swift */; };
		6783096C204E7708005A0DFE /* ExampleAnimateTipsContentView.swift in Sources */ = {isa = PBXBuildFile; fileRef = 67830965204E7708005A0DFE /* ExampleAnimateTipsContentView.swift */; };
		6783096D204E7708005A0DFE /* ExampleBasicContentView.swift in Sources */ = {isa = PBXBuildFile; fileRef = 67830966204E7708005A0DFE /* ExampleBasicContentView.swift */; };
		6783096E204E7708005A0DFE /* ExampleHighlightableContentView.swift in Sources */ = {isa = PBXBuildFile; fileRef = 67830967204E7708005A0DFE /* ExampleHighlightableContentView.swift */; };
		6783096F204E7708005A0DFE /* ExampleTipsContentView.swift in Sources */ = {isa = PBXBuildFile; fileRef = 67830968204E7708005A0DFE /* ExampleTipsContentView.swift */; };
		67830970204E7708005A0DFE /* ExampleIrregularityContentView.swift in Sources */ = {isa = PBXBuildFile; fileRef = 67830969204E7708005A0DFE /* ExampleIrregularityContentView.swift */; };
		67860FD72052719F00E7A050 /* MainViewModel.swift in Sources */ = {isa = PBXBuildFile; fileRef = 67860FD62052719F00E7A050 /* MainViewModel.swift */; };
		67A1F809205BAE1100EB36AF /* UIImage-Color.swift in Sources */ = {isa = PBXBuildFile; fileRef = 67A1F808205BAE1100EB36AF /* UIImage-Color.swift */; };
		67A1F80C205BB0FE00EB36AF /* Common.swift in Sources */ = {isa = PBXBuildFile; fileRef = 67A1F80B205BB0FE00EB36AF /* Common.swift */; };
		67E6C9F62068B3B600103D40 /* WaterFlowViewController.xib in Resources */ = {isa = PBXBuildFile; fileRef = 67E6C9F22068B3B600103D40 /* WaterFlowViewController.xib */; };
		67E6C9F72068B3B600103D40 /* WaterFlowViewController.swift in Sources */ = {isa = PBXBuildFile; fileRef = 67E6C9F32068B3B600103D40 /* WaterFlowViewController.swift */; };
		67E6C9FF2068B44F00103D40 /* EmitterViewController.swift in Sources */ = {isa = PBXBuildFile; fileRef = 67E6C9FD2068B44F00103D40 /* EmitterViewController.swift */; };
		67E6CA002068B44F00103D40 /* EmitterViewController.xib in Resources */ = {isa = PBXBuildFile; fileRef = 67E6C9FE2068B44F00103D40 /* EmitterViewController.xib */; };
		67E6CA032068B5EB00103D40 /* Emitterable.swift in Sources */ = {isa = PBXBuildFile; fileRef = 67E6CA022068B5EB00103D40 /* Emitterable.swift */; };
		67E6CA052068C4A800103D40 /* NibLoadable.swift in Sources */ = {isa = PBXBuildFile; fileRef = 67E6CA042068C4A800103D40 /* NibLoadable.swift */; };
		67E6CA082069CB3000103D40 /* NqwlPageView.swift in Sources */ = {isa = PBXBuildFile; fileRef = 67E6CA072069CB3000103D40 /* NqwlPageView.swift */; };
		67E6CA0A2069CB5400103D40 /* NqwlTitleView.swift in Sources */ = {isa = PBXBuildFile; fileRef = 67E6CA092069CB5400103D40 /* NqwlTitleView.swift */; };
		67E6CA0C2069CB6000103D40 /* NqwlContentView.swift in Sources */ = {isa = PBXBuildFile; fileRef = 67E6CA0B2069CB6000103D40 /* NqwlContentView.swift */; };
		67E6CA142069CBF300103D40 /* PageViewViewController.swift in Sources */ = {isa = PBXBuildFile; fileRef = 67E6CA122069CBF300103D40 /* PageViewViewController.swift */; };
		67E6CA152069CBF300103D40 /* PageViewViewController.xib in Resources */ = {isa = PBXBuildFile; fileRef = 67E6CA132069CBF300103D40 /* PageViewViewController.xib */; };
		67ED5E582058B1A0001EC133 /* MainCell.swift in Sources */ = {isa = PBXBuildFile; fileRef = 67ED5E562058B1A0001EC133 /* MainCell.swift */; };
		67ED5E592058B1A0001EC133 /* MainCell.xib in Resources */ = {isa = PBXBuildFile; fileRef = 67ED5E572058B1A0001EC133 /* MainCell.xib */; };
		67ED5E5C2058C2D7001EC133 /* UIColor-Extension.swift in Sources */ = {isa = PBXBuildFile; fileRef = 67ED5E5B2058C2D7001EC133 /* UIColor-Extension.swift */; };
		67ED5E5E20591AC3001EC133 /* MsgViewController.xib in Resources */ = {isa = PBXBuildFile; fileRef = 67ED5E5D20591AC3001EC133 /* MsgViewController.xib */; };
		67EF0C51205F479D0079EB92 /* NqwlWaterFlowLayout.swift in Sources */ = {isa = PBXBuildFile; fileRef = 67EF0C50205F479C0079EB92 /* NqwlWaterFlowLayout.swift */; };
		67EF0C53205F4A4B0079EB92 /* PicModel.swift in Sources */ = {isa = PBXBuildFile; fileRef = 67EF0C52205F4A4B0079EB92 /* PicModel.swift */; };
		67EF0C55205F4BF80079EB92 /* MsgPicModel.swift in Sources */ = {isa = PBXBuildFile; fileRef = 67EF0C54205F4BF80079EB92 /* MsgPicModel.swift */; };
		67EF0C58205F4F280079EB92 /* MsgPicViewModel.swift in Sources */ = {isa = PBXBuildFile; fileRef = 67EF0C57205F4F280079EB92 /* MsgPicViewModel.swift */; };
		67F4EBE5208089FE00559EE7 /* AVCaptrueManager.swift in Sources */ = {isa = PBXBuildFile; fileRef = 67F4EBE4208089FD00559EE7 /* AVCaptrueManager.swift */; };
		6D5AB145A00A7CD5DA8A9025 /* Pods_OpenProject_Swift.framework in Frameworks */ = {isa = PBXBuildFile; fileRef = 50AFA823CB0E0BA66EDE9930 /* Pods_OpenProject_Swift.framework */; };
		724B163A7B74F804A87AB924 /* Pods_OpenProject_SwiftUITests.framework in Frameworks */ = {isa = PBXBuildFile; fileRef = 464FAB2B98406B64C6D52CA4 /* Pods_OpenProject_SwiftUITests.framework */; };
		922DF3E44AE4908E6E9413C2 /* Pods_OpenProject_SwiftTests.framework in Frameworks */ = {isa = PBXBuildFile; fileRef = A6FD97F14F71D6A5EAC4DEDF /* Pods_OpenProject_SwiftTests.framework */; };
/* End PBXBuildFile section */

/* Begin PBXContainerItemProxy section */
		6783091D204E1AE3005A0DFE /* PBXContainerItemProxy */ = {
			isa = PBXContainerItemProxy;
			containerPortal = 67830900204E1AE2005A0DFE /* Project object */;
			proxyType = 1;
			remoteGlobalIDString = 67830907204E1AE3005A0DFE;
			remoteInfo = "OpenProject-Swift";
		};
		67830928204E1AE3005A0DFE /* PBXContainerItemProxy */ = {
			isa = PBXContainerItemProxy;
			containerPortal = 67830900204E1AE2005A0DFE /* Project object */;
			proxyType = 1;
			remoteGlobalIDString = 67830907204E1AE3005A0DFE;
			remoteInfo = "OpenProject-Swift";
		};
/* End PBXContainerItemProxy section */

/* Begin PBXFileReference section */
		104E6ECDEB1DBDEED3759B05 /* Pods-OpenProject-SwiftTests.release.xcconfig */ = {isa = PBXFileReference; includeInIndex = 1; lastKnownFileType = text.xcconfig; name = "Pods-OpenProject-SwiftTests.release.xcconfig"; path = "Pods/Target Support Files/Pods-OpenProject-SwiftTests/Pods-OpenProject-SwiftTests.release.xcconfig"; sourceTree = "<group>"; };
		246C6EA61B17A692DEEAE69C /* Pods-OpenProject-SwiftUITests.debug.xcconfig */ = {isa = PBXFileReference; includeInIndex = 1; lastKnownFileType = text.xcconfig; name = "Pods-OpenProject-SwiftUITests.debug.xcconfig"; path = "Pods/Target Support Files/Pods-OpenProject-SwiftUITests/Pods-OpenProject-SwiftUITests.debug.xcconfig"; sourceTree = "<group>"; };
		2C394B00C7A695C6FB89FD4A /* Pods-OpenProject-SwiftUITests.release.xcconfig */ = {isa = PBXFileReference; includeInIndex = 1; lastKnownFileType = text.xcconfig; name = "Pods-OpenProject-SwiftUITests.release.xcconfig"; path = "Pods/Target Support Files/Pods-OpenProject-SwiftUITests/Pods-OpenProject-SwiftUITests.release.xcconfig"; sourceTree = "<group>"; };
		464FAB2B98406B64C6D52CA4 /* Pods_OpenProject_SwiftUITests.framework */ = {isa = PBXFileReference; explicitFileType = wrapper.framework; includeInIndex = 0; path = Pods_OpenProject_SwiftUITests.framework; sourceTree = BUILT_PRODUCTS_DIR; };
		50AFA823CB0E0BA66EDE9930 /* Pods_OpenProject_Swift.framework */ = {isa = PBXFileReference; explicitFileType = wrapper.framework; includeInIndex = 0; path = Pods_OpenProject_Swift.framework; sourceTree = BUILT_PRODUCTS_DIR; };
		67073A2D206487E300937299 /* NetworkExtension.swift */ = {isa = PBXFileReference; lastKnownFileType = sourcecode.swift; path = NetworkExtension.swift; sourceTree = "<group>"; };
		67073A2F206487F800937299 /* KingfisherExtension.swift */ = {isa = PBXFileReference; lastKnownFileType = sourcecode.swift; path = KingfisherExtension.swift; sourceTree = "<group>"; };
		672D615E2080338200D55C44 /* GifViewController.swift */ = {isa = PBXFileReference; lastKnownFileType = sourcecode.swift; path = GifViewController.swift; sourceTree = "<group>"; };
		672D615F2080338200D55C44 /* GifViewController.xib */ = {isa = PBXFileReference; lastKnownFileType = file.xib; path = GifViewController.xib; sourceTree = "<group>"; };
		672D6162208033BF00D55C44 /* ImageFrame.swift */ = {isa = PBXFileReference; fileEncoding = 4; lastKnownFileType = sourcecode.swift; path = ImageFrame.swift; sourceTree = "<group>"; };
		672D6163208033BF00D55C44 /* Animator.swift */ = {isa = PBXFileReference; fileEncoding = 4; lastKnownFileType = sourcecode.swift; path = Animator.swift; sourceTree = "<group>"; };
		672D61682080350A00D55C44 /* UIImageView-NqwlGif.swift */ = {isa = PBXFileReference; lastKnownFileType = sourcecode.swift; path = "UIImageView-NqwlGif.swift"; sourceTree = "<group>"; };
		672D617020804AC300D55C44 /* CaptrueViewController.swift */ = {isa = PBXFileReference; lastKnownFileType = sourcecode.swift; path = CaptrueViewController.swift; sourceTree = "<group>"; };
		672D617120804AC300D55C44 /* CaptrueViewController.xib */ = {isa = PBXFileReference; lastKnownFileType = file.xib; path = CaptrueViewController.xib; sourceTree = "<group>"; };
		673A8152206A3AA90077FC8B /* NqwlTitleStyle.swift */ = {isa = PBXFileReference; lastKnownFileType = sourcecode.swift; path = NqwlTitleStyle.swift; sourceTree = "<group>"; };
		673A8154206B6A660077FC8B /* NqwlTitleCell.swift */ = {isa = PBXFileReference; lastKnownFileType = sourcecode.swift; path = NqwlTitleCell.swift; sourceTree = "<group>"; };
		673A8155206B6A660077FC8B /* NqwlTitleCell.xib */ = {isa = PBXFileReference; lastKnownFileType = file.xib; path = NqwlTitleCell.xib; sourceTree = "<group>"; };
		673D3937208094A0008BEC42 /* GPUImageViewController.swift */ = {isa = PBXFileReference; lastKnownFileType = sourcecode.swift; path = GPUImageViewController.swift; sourceTree = "<group>"; };
		673D3938208094A0008BEC42 /* GPUImageViewController.xib */ = {isa = PBXFileReference; lastKnownFileType = file.xib; path = GPUImageViewController.xib; sourceTree = "<group>"; };
		673D393B20847C8F008BEC42 /* ImageViewController.swift */ = {isa = PBXFileReference; lastKnownFileType = sourcecode.swift; path = ImageViewController.swift; sourceTree = "<group>"; };
		673D393C20847C8F008BEC42 /* ImageViewController.xib */ = {isa = PBXFileReference; lastKnownFileType = file.xib; path = ImageViewController.xib; sourceTree = "<group>"; };
		6749FF03207AF7C600891BCC /* NqwlPageCollectionView.swift */ = {isa = PBXFileReference; lastKnownFileType = sourcecode.swift; path = NqwlPageCollectionView.swift; sourceTree = "<group>"; };
		6749FF07207B333D00891BCC /* XEmotionIcons.bundle */ = {isa = PBXFileReference; lastKnownFileType = "wrapper.plug-in"; path = XEmotionIcons.bundle; sourceTree = "<group>"; };
		6749FF0F207B466D00891BCC /* EmojiCell.swift */ = {isa = PBXFileReference; lastKnownFileType = sourcecode.swift; path = EmojiCell.swift; sourceTree = "<group>"; };
		6749FF10207B466D00891BCC /* EmojiCell.xib */ = {isa = PBXFileReference; lastKnownFileType = file.xib; path = EmojiCell.xib; sourceTree = "<group>"; };
		6749FF13207C494A00891BCC /* QQEmotionModel.swift */ = {isa = PBXFileReference; lastKnownFileType = sourcecode.swift; path = QQEmotionModel.swift; sourceTree = "<group>"; };
		6749FF15207C496A00891BCC /* LXHEmotionModel.swift */ = {isa = PBXFileReference; lastKnownFileType = sourcecode.swift; path = LXHEmotionModel.swift; sourceTree = "<group>"; };
		6749FF17207C85A700891BCC /* EmotionViewModel.swift */ = {isa = PBXFileReference; lastKnownFileType = sourcecode.swift; path = EmotionViewModel.swift; sourceTree = "<group>"; };
		6765E7FE2079E3DE00B21FA8 /* NqwlPageCollectionViewLaout.swift */ = {isa = PBXFileReference; lastKnownFileType = sourcecode.swift; path = NqwlPageCollectionViewLaout.swift; sourceTree = "<group>"; };
		6765E806207A023400B21FA8 /* EmojiViewController.swift */ = {isa = PBXFileReference; lastKnownFileType = sourcecode.swift; path = EmojiViewController.swift; sourceTree = "<group>"; };
		6765E807207A023400B21FA8 /* EmojiViewController.xib */ = {isa = PBXFileReference; lastKnownFileType = file.xib; path = EmojiViewController.xib; sourceTree = "<group>"; };
		67830908204E1AE3005A0DFE /* OpenProject-Swift.app */ = {isa = PBXFileReference; explicitFileType = wrapper.application; includeInIndex = 0; path = "OpenProject-Swift.app"; sourceTree = BUILT_PRODUCTS_DIR; };
		6783090B204E1AE3005A0DFE /* AppDelegate.swift */ = {isa = PBXFileReference; lastKnownFileType = sourcecode.swift; path = AppDelegate.swift; sourceTree = "<group>"; };
		6783090D204E1AE3005A0DFE /* ViewController.swift */ = {isa = PBXFileReference; lastKnownFileType = sourcecode.swift; path = ViewController.swift; sourceTree = "<group>"; };
		67830910204E1AE3005A0DFE /* Base */ = {isa = PBXFileReference; lastKnownFileType = file.storyboard; name = Base; path = Base.lproj/Main.storyboard; sourceTree = "<group>"; };
		67830912204E1AE3005A0DFE /* Assets.xcassets */ = {isa = PBXFileReference; lastKnownFileType = folder.assetcatalog; path = Assets.xcassets; sourceTree = "<group>"; };
		67830915204E1AE3005A0DFE /* Base */ = {isa = PBXFileReference; lastKnownFileType = file.storyboard; name = Base; path = Base.lproj/LaunchScreen.storyboard; sourceTree = "<group>"; };
		67830917204E1AE3005A0DFE /* Info.plist */ = {isa = PBXFileReference; lastKnownFileType = text.plist.xml; path = Info.plist; sourceTree = "<group>"; };
		6783091C204E1AE3005A0DFE /* OpenProject-SwiftTests.xctest */ = {isa = PBXFileReference; explicitFileType = wrapper.cfbundle; includeInIndex = 0; path = "OpenProject-SwiftTests.xctest"; sourceTree = BUILT_PRODUCTS_DIR; };
		67830920204E1AE3005A0DFE /* OpenProject_SwiftTests.swift */ = {isa = PBXFileReference; lastKnownFileType = sourcecode.swift; path = OpenProject_SwiftTests.swift; sourceTree = "<group>"; };
		67830922204E1AE3005A0DFE /* Info.plist */ = {isa = PBXFileReference; lastKnownFileType = text.plist.xml; path = Info.plist; sourceTree = "<group>"; };
		67830927204E1AE3005A0DFE /* OpenProject-SwiftUITests.xctest */ = {isa = PBXFileReference; explicitFileType = wrapper.cfbundle; includeInIndex = 0; path = "OpenProject-SwiftUITests.xctest"; sourceTree = BUILT_PRODUCTS_DIR; };
		6783092B204E1AE3005A0DFE /* OpenProject_SwiftUITests.swift */ = {isa = PBXFileReference; lastKnownFileType = sourcecode.swift; path = OpenProject_SwiftUITests.swift; sourceTree = "<group>"; };
		6783092D204E1AE3005A0DFE /* Info.plist */ = {isa = PBXFileReference; lastKnownFileType = text.plist.xml; path = Info.plist; sourceTree = "<group>"; };
		6783094A204E6D1D005A0DFE /* MsgViewController.swift */ = {isa = PBXFileReference; fileEncoding = 4; lastKnownFileType = sourcecode.swift; path = MsgViewController.swift; sourceTree = "<group>"; };
		6783094C204E6D1D005A0DFE /* MainViewController.xib */ = {isa = PBXFileReference; fileEncoding = 4; lastKnownFileType = file.xib; path = MainViewController.xib; sourceTree = "<group>"; };
		6783094D204E6D1D005A0DFE /* MainViewController.swift */ = {isa = PBXFileReference; fileEncoding = 4; lastKnownFileType = sourcecode.swift; path = MainViewController.swift; sourceTree = "<group>"; };
		6783094F204E6D1E005A0DFE /* MineViewController.xib */ = {isa = PBXFileReference; fileEncoding = 4; lastKnownFileType = file.xib; path = MineViewController.xib; sourceTree = "<group>"; };
		67830950204E6D1E005A0DFE /* MineViewController.swift */ = {isa = PBXFileReference; fileEncoding = 4; lastKnownFileType = sourcecode.swift; path = MineViewController.swift; sourceTree = "<group>"; };
		67830958204E6D31005A0DFE /* PhotoViewController.swift */ = {isa = PBXFileReference; lastKnownFileType = sourcecode.swift; path = PhotoViewController.swift; sourceTree = "<group>"; };
		67830959204E6D31005A0DFE /* PhotoViewController.xib */ = {isa = PBXFileReference; lastKnownFileType = file.xib; path = PhotoViewController.xib; sourceTree = "<group>"; };
		6783095D204E6D6B005A0DFE /* ExampleProvider.swift */ = {isa = PBXFileReference; fileEncoding = 4; lastKnownFileType = sourcecode.swift; path = ExampleProvider.swift; sourceTree = "<group>"; };
		6783095F204E6EAF005A0DFE /* CHBaseNavigationController.swift */ = {isa = PBXFileReference; lastKnownFileType = sourcecode.swift; path = CHBaseNavigationController.swift; sourceTree = "<group>"; };
		67830963204E7708005A0DFE /* ExampleBackgroundContentView.swift */ = {isa = PBXFileReference; fileEncoding = 4; lastKnownFileType = sourcecode.swift; path = ExampleBackgroundContentView.swift; sourceTree = "<group>"; };
		67830964204E7708005A0DFE /* ExampleBouncesContentView.swift */ = {isa = PBXFileReference; fileEncoding = 4; lastKnownFileType = sourcecode.swift; path = ExampleBouncesContentView.swift; sourceTree = "<group>"; };
		67830965204E7708005A0DFE /* ExampleAnimateTipsContentView.swift */ = {isa = PBXFileReference; fileEncoding = 4; lastKnownFileType = sourcecode.swift; path = ExampleAnimateTipsContentView.swift; sourceTree = "<group>"; };
		67830966204E7708005A0DFE /* ExampleBasicContentView.swift */ = {isa = PBXFileReference; fileEncoding = 4; lastKnownFileType = sourcecode.swift; path = ExampleBasicContentView.swift; sourceTree = "<group>"; };
		67830967204E7708005A0DFE /* ExampleHighlightableContentView.swift */ = {isa = PBXFileReference; fileEncoding = 4; lastKnownFileType = sourcecode.swift; path = ExampleHighlightableContentView.swift; sourceTree = "<group>"; };
		67830968204E7708005A0DFE /* ExampleTipsContentView.swift */ = {isa = PBXFileReference; fileEncoding = 4; lastKnownFileType = sourcecode.swift; path = ExampleTipsContentView.swift; sourceTree = "<group>"; };
		67830969204E7708005A0DFE /* ExampleIrregularityContentView.swift */ = {isa = PBXFileReference; fileEncoding = 4; lastKnownFileType = sourcecode.swift; path = ExampleIrregularityContentView.swift; sourceTree = "<group>"; };
		67860FD62052719F00E7A050 /* MainViewModel.swift */ = {isa = PBXFileReference; lastKnownFileType = sourcecode.swift; path = MainViewModel.swift; sourceTree = "<group>"; };
		67A1F808205BAE1100EB36AF /* UIImage-Color.swift */ = {isa = PBXFileReference; lastKnownFileType = sourcecode.swift; path = "UIImage-Color.swift"; sourceTree = "<group>"; };
		67A1F80B205BB0FE00EB36AF /* Common.swift */ = {isa = PBXFileReference; lastKnownFileType = sourcecode.swift; path = Common.swift; sourceTree = "<group>"; };
		67E6C9F22068B3B600103D40 /* WaterFlowViewController.xib */ = {isa = PBXFileReference; fileEncoding = 4; lastKnownFileType = file.xib; path = WaterFlowViewController.xib; sourceTree = "<group>"; };
		67E6C9F32068B3B600103D40 /* WaterFlowViewController.swift */ = {isa = PBXFileReference; fileEncoding = 4; lastKnownFileType = sourcecode.swift; path = WaterFlowViewController.swift; sourceTree = "<group>"; };
		67E6C9FD2068B44F00103D40 /* EmitterViewController.swift */ = {isa = PBXFileReference; lastKnownFileType = sourcecode.swift; path = EmitterViewController.swift; sourceTree = "<group>"; };
		67E6C9FE2068B44F00103D40 /* EmitterViewController.xib */ = {isa = PBXFileReference; lastKnownFileType = file.xib; path = EmitterViewController.xib; sourceTree = "<group>"; };
		67E6CA022068B5EB00103D40 /* Emitterable.swift */ = {isa = PBXFileReference; lastKnownFileType = sourcecode.swift; path = Emitterable.swift; sourceTree = "<group>"; };
		67E6CA042068C4A800103D40 /* NibLoadable.swift */ = {isa = PBXFileReference; lastKnownFileType = sourcecode.swift; path = NibLoadable.swift; sourceTree = "<group>"; };
		67E6CA072069CB3000103D40 /* NqwlPageView.swift */ = {isa = PBXFileReference; lastKnownFileType = sourcecode.swift; path = NqwlPageView.swift; sourceTree = "<group>"; };
		67E6CA092069CB5400103D40 /* NqwlTitleView.swift */ = {isa = PBXFileReference; lastKnownFileType = sourcecode.swift; path = NqwlTitleView.swift; sourceTree = "<group>"; };
		67E6CA0B2069CB6000103D40 /* NqwlContentView.swift */ = {isa = PBXFileReference; lastKnownFileType = sourcecode.swift; path = NqwlContentView.swift; sourceTree = "<group>"; };
		67E6CA122069CBF300103D40 /* PageViewViewController.swift */ = {isa = PBXFileReference; lastKnownFileType = sourcecode.swift; path = PageViewViewController.swift; sourceTree = "<group>"; };
		67E6CA132069CBF300103D40 /* PageViewViewController.xib */ = {isa = PBXFileReference; lastKnownFileType = file.xib; path = PageViewViewController.xib; sourceTree = "<group>"; };
		67ED5E562058B1A0001EC133 /* MainCell.swift */ = {isa = PBXFileReference; lastKnownFileType = sourcecode.swift; path = MainCell.swift; sourceTree = "<group>"; };
		67ED5E572058B1A0001EC133 /* MainCell.xib */ = {isa = PBXFileReference; lastKnownFileType = file.xib; path = MainCell.xib; sourceTree = "<group>"; };
		67ED5E5B2058C2D7001EC133 /* UIColor-Extension.swift */ = {isa = PBXFileReference; lastKnownFileType = sourcecode.swift; path = "UIColor-Extension.swift"; sourceTree = "<group>"; };
		67ED5E5D20591AC3001EC133 /* MsgViewController.xib */ = {isa = PBXFileReference; fileEncoding = 4; lastKnownFileType = file.xib; path = MsgViewController.xib; sourceTree = "<group>"; };
		67EF0C50205F479C0079EB92 /* NqwlWaterFlowLayout.swift */ = {isa = PBXFileReference; fileEncoding = 4; lastKnownFileType = sourcecode.swift; path = NqwlWaterFlowLayout.swift; sourceTree = "<group>"; };
		67EF0C52205F4A4B0079EB92 /* PicModel.swift */ = {isa = PBXFileReference; lastKnownFileType = sourcecode.swift; path = PicModel.swift; sourceTree = "<group>"; };
		67EF0C54205F4BF80079EB92 /* MsgPicModel.swift */ = {isa = PBXFileReference; lastKnownFileType = sourcecode.swift; path = MsgPicModel.swift; sourceTree = "<group>"; };
		67EF0C57205F4F280079EB92 /* MsgPicViewModel.swift */ = {isa = PBXFileReference; lastKnownFileType = sourcecode.swift; path = MsgPicViewModel.swift; sourceTree = "<group>"; };
		67F4EBE4208089FD00559EE7 /* AVCaptrueManager.swift */ = {isa = PBXFileReference; fileEncoding = 4; lastKnownFileType = sourcecode.swift; path = AVCaptrueManager.swift; sourceTree = "<group>"; };
		6CAA77CE8563D0D856B62175 /* Pods-OpenProject-SwiftTests.debug.xcconfig */ = {isa = PBXFileReference; includeInIndex = 1; lastKnownFileType = text.xcconfig; name = "Pods-OpenProject-SwiftTests.debug.xcconfig"; path = "Pods/Target Support Files/Pods-OpenProject-SwiftTests/Pods-OpenProject-SwiftTests.debug.xcconfig"; sourceTree = "<group>"; };
		70CCAF711A35B6B41AFE140A /* Pods-OpenProject-Swift.release.xcconfig */ = {isa = PBXFileReference; includeInIndex = 1; lastKnownFileType = text.xcconfig; name = "Pods-OpenProject-Swift.release.xcconfig"; path = "Pods/Target Support Files/Pods-OpenProject-Swift/Pods-OpenProject-Swift.release.xcconfig"; sourceTree = "<group>"; };
		A6FD97F14F71D6A5EAC4DEDF /* Pods_OpenProject_SwiftTests.framework */ = {isa = PBXFileReference; explicitFileType = wrapper.framework; includeInIndex = 0; path = Pods_OpenProject_SwiftTests.framework; sourceTree = BUILT_PRODUCTS_DIR; };
		C5807FEAF82A3D285173038C /* Pods-OpenProject-Swift.debug.xcconfig */ = {isa = PBXFileReference; includeInIndex = 1; lastKnownFileType = text.xcconfig; name = "Pods-OpenProject-Swift.debug.xcconfig"; path = "Pods/Target Support Files/Pods-OpenProject-Swift/Pods-OpenProject-Swift.debug.xcconfig"; sourceTree = "<group>"; };
/* End PBXFileReference section */

/* Begin PBXFrameworksBuildPhase section */
		67830905204E1AE3005A0DFE /* Frameworks */ = {
			isa = PBXFrameworksBuildPhase;
			buildActionMask = 2147483647;
			files = (
				6D5AB145A00A7CD5DA8A9025 /* Pods_OpenProject_Swift.framework in Frameworks */,
			);
			runOnlyForDeploymentPostprocessing = 0;
		};
		67830919204E1AE3005A0DFE /* Frameworks */ = {
			isa = PBXFrameworksBuildPhase;
			buildActionMask = 2147483647;
			files = (
				922DF3E44AE4908E6E9413C2 /* Pods_OpenProject_SwiftTests.framework in Frameworks */,
			);
			runOnlyForDeploymentPostprocessing = 0;
		};
		67830924204E1AE3005A0DFE /* Frameworks */ = {
			isa = PBXFrameworksBuildPhase;
			buildActionMask = 2147483647;
			files = (
				724B163A7B74F804A87AB924 /* Pods_OpenProject_SwiftUITests.framework in Frameworks */,
			);
			runOnlyForDeploymentPostprocessing = 0;
		};
/* End PBXFrameworksBuildPhase section */

/* Begin PBXGroup section */
		67073A2C2064878300937299 /* Tools */ = {
			isa = PBXGroup;
			children = (
				67073A2D206487E300937299 /* NetworkExtension.swift */,
				67073A2F206487F800937299 /* KingfisherExtension.swift */,
			);
			path = Tools;
			sourceTree = "<group>";
		};
		672D61592080336F00D55C44 /* Gif */ = {
			isa = PBXGroup;
			children = (
				672D615A2080336F00D55C44 /* ViewModel */,
				672D615B2080336F00D55C44 /* Controller */,
				672D615C2080336F00D55C44 /* Model */,
				672D615D2080336F00D55C44 /* View */,
			);
			path = Gif;
			sourceTree = "<group>";
		};
		672D615A2080336F00D55C44 /* ViewModel */ = {
			isa = PBXGroup;
			children = (
			);
			path = ViewModel;
			sourceTree = "<group>";
		};
		672D615B2080336F00D55C44 /* Controller */ = {
			isa = PBXGroup;
			children = (
				672D615E2080338200D55C44 /* GifViewController.swift */,
				672D615F2080338200D55C44 /* GifViewController.xib */,
			);
			path = Controller;
			sourceTree = "<group>";
		};
		672D615C2080336F00D55C44 /* Model */ = {
			isa = PBXGroup;
			children = (
			);
			path = Model;
			sourceTree = "<group>";
		};
		672D615D2080336F00D55C44 /* View */ = {
			isa = PBXGroup;
			children = (
			);
			path = View;
			sourceTree = "<group>";
		};
		672D616A208041A400D55C44 /* Gif-Extension */ = {
			isa = PBXGroup;
			children = (
				672D6163208033BF00D55C44 /* Animator.swift */,
				672D6162208033BF00D55C44 /* ImageFrame.swift */,
				672D61682080350A00D55C44 /* UIImageView-NqwlGif.swift */,
			);
			path = "Gif-Extension";
			sourceTree = "<group>";
		};
		672D616B20804AAF00D55C44 /* Captrue */ = {
			isa = PBXGroup;
			children = (
				672D616C20804AAF00D55C44 /* ViewModel */,
				672D616D20804AAF00D55C44 /* Controller */,
				672D616E20804AAF00D55C44 /* Model */,
				672D616F20804AAF00D55C44 /* View */,
			);
			path = Captrue;
			sourceTree = "<group>";
		};
		672D616C20804AAF00D55C44 /* ViewModel */ = {
			isa = PBXGroup;
			children = (
			);
			path = ViewModel;
			sourceTree = "<group>";
		};
		672D616D20804AAF00D55C44 /* Controller */ = {
			isa = PBXGroup;
			children = (
				672D617020804AC300D55C44 /* CaptrueViewController.swift */,
				672D617120804AC300D55C44 /* CaptrueViewController.xib */,
			);
			path = Controller;
			sourceTree = "<group>";
		};
		672D616E20804AAF00D55C44 /* Model */ = {
			isa = PBXGroup;
			children = (
				67F4EBE4208089FD00559EE7 /* AVCaptrueManager.swift */,
			);
			path = Model;
			sourceTree = "<group>";
		};
		672D616F20804AAF00D55C44 /* View */ = {
			isa = PBXGroup;
			children = (
			);
			path = View;
			sourceTree = "<group>";
		};
		672E1A61207EEF0A00A21750 /* IM */ = {
			isa = PBXGroup;
			children = (
				672E1A62207EEF0A00A21750 /* ViewModel */,
				672E1A63207EEF0A00A21750 /* Controller */,
				672E1A64207EEF0A00A21750 /* Model */,
				672E1A65207EEF0A00A21750 /* View */,
			);
			path = IM;
			sourceTree = "<group>";
		};
		672E1A62207EEF0A00A21750 /* ViewModel */ = {
			isa = PBXGroup;
			children = (
			);
			path = ViewModel;
			sourceTree = "<group>";
		};
		672E1A63207EEF0A00A21750 /* Controller */ = {
			isa = PBXGroup;
			children = (
			);
			path = Controller;
			sourceTree = "<group>";
		};
		672E1A64207EEF0A00A21750 /* Model */ = {
			isa = PBXGroup;
			children = (
			);
			path = Model;
			sourceTree = "<group>";
		};
		672E1A65207EEF0A00A21750 /* View */ = {
			isa = PBXGroup;
			children = (
			);
			path = View;
			sourceTree = "<group>";
		};
		672E1A6A207EEF5200A21750 /* Tools */ = {
			isa = PBXGroup;
			children = (
			);
			path = Tools;
			sourceTree = "<group>";
		};
		673D393220809480008BEC42 /* GPUImage */ = {
			isa = PBXGroup;
			children = (
				673D393320809480008BEC42 /* ViewModel */,
				673D393420809480008BEC42 /* Controller */,
				673D393520809480008BEC42 /* Model */,
				673D393620809480008BEC42 /* View */,
			);
			path = GPUImage;
			sourceTree = "<group>";
		};
		673D393320809480008BEC42 /* ViewModel */ = {
			isa = PBXGroup;
			children = (
			);
			path = ViewModel;
			sourceTree = "<group>";
		};
		673D393420809480008BEC42 /* Controller */ = {
			isa = PBXGroup;
			children = (
				673D3937208094A0008BEC42 /* GPUImageViewController.swift */,
				673D3938208094A0008BEC42 /* GPUImageViewController.xib */,
				673D393B20847C8F008BEC42 /* ImageViewController.swift */,
				673D393C20847C8F008BEC42 /* ImageViewController.xib */,
			);
			path = Controller;
			sourceTree = "<group>";
		};
		673D393520809480008BEC42 /* Model */ = {
			isa = PBXGroup;
			children = (
			);
			path = Model;
			sourceTree = "<group>";
		};
		673D393620809480008BEC42 /* View */ = {
			isa = PBXGroup;
			children = (
			);
			path = View;
			sourceTree = "<group>";
		};
		6765E8002079E51200B21FA8 /* WaterFlow */ = {
			isa = PBXGroup;
			children = (
				67EF0C50205F479C0079EB92 /* NqwlWaterFlowLayout.swift */,
			);
			path = WaterFlow;
			sourceTree = "<group>";
		};
		6765E801207A021000B21FA8 /* EmojiKeyboard */ = {
			isa = PBXGroup;
			children = (
				6765E802207A021000B21FA8 /* ViewModel */,
				6765E803207A021000B21FA8 /* Controller */,
				6765E804207A021000B21FA8 /* Model */,
				6765E805207A021000B21FA8 /* View */,
			);
			path = EmojiKeyboard;
			sourceTree = "<group>";
		};
		6765E802207A021000B21FA8 /* ViewModel */ = {
			isa = PBXGroup;
			children = (
				6749FF17207C85A700891BCC /* EmotionViewModel.swift */,
			);
			path = ViewModel;
			sourceTree = "<group>";
		};
		6765E803207A021000B21FA8 /* Controller */ = {
			isa = PBXGroup;
			children = (
				6765E806207A023400B21FA8 /* EmojiViewController.swift */,
				6765E807207A023400B21FA8 /* EmojiViewController.xib */,
			);
			path = Controller;
			sourceTree = "<group>";
		};
		6765E804207A021000B21FA8 /* Model */ = {
			isa = PBXGroup;
			children = (
				6749FF13207C494A00891BCC /* QQEmotionModel.swift */,
				6749FF15207C496A00891BCC /* LXHEmotionModel.swift */,
			);
			path = Model;
			sourceTree = "<group>";
		};
		6765E805207A021000B21FA8 /* View */ = {
			isa = PBXGroup;
			children = (
				6749FF0F207B466D00891BCC /* EmojiCell.swift */,
				6749FF10207B466D00891BCC /* EmojiCell.xib */,
			);
			path = View;
			sourceTree = "<group>";
		};
		678308FF204E1AE2005A0DFE = {
			isa = PBXGroup;
			children = (
				6783090A204E1AE3005A0DFE /* OpenProject-Swift */,
				6783091F204E1AE3005A0DFE /* OpenProject-SwiftTests */,
				6783092A204E1AE3005A0DFE /* OpenProject-SwiftUITests */,
				67830909204E1AE3005A0DFE /* Products */,
				FDF44EF6AB672917529F5A5B /* Pods */,
				8F06AD802E11EC23264D1BDA /* Frameworks */,
			);
			sourceTree = "<group>";
		};
		67830909204E1AE3005A0DFE /* Products */ = {
			isa = PBXGroup;
			children = (
				67830908204E1AE3005A0DFE /* OpenProject-Swift.app */,
				6783091C204E1AE3005A0DFE /* OpenProject-SwiftTests.xctest */,
				67830927204E1AE3005A0DFE /* OpenProject-SwiftUITests.xctest */,
			);
			name = Products;
			sourceTree = "<group>";
		};
		6783090A204E1AE3005A0DFE /* OpenProject-Swift */ = {
			isa = PBXGroup;
			children = (
				67A1F80A205BB0CB00EB36AF /* Common */,
				67830961204E76FA005A0DFE /* Helper */,
				6783095C204E6D5B005A0DFE /* Base */,
				6783094B204E6D1D005A0DFE /* Main */,
				6783094E204E6D1E005A0DFE /* Mine */,
				67830948204E6D1D005A0DFE /* Msg */,
				67830951204E6D1E005A0DFE /* Photo */,
				6783090B204E1AE3005A0DFE /* AppDelegate.swift */,
				6783090D204E1AE3005A0DFE /* ViewController.swift */,
				6783090F204E1AE3005A0DFE /* Main.storyboard */,
				67830912204E1AE3005A0DFE /* Assets.xcassets */,
				6749FF07207B333D00891BCC /* XEmotionIcons.bundle */,
				67830914204E1AE3005A0DFE /* LaunchScreen.storyboard */,
				67830917204E1AE3005A0DFE /* Info.plist */,
			);
			path = "OpenProject-Swift";
			sourceTree = "<group>";
		};
		6783091F204E1AE3005A0DFE /* OpenProject-SwiftTests */ = {
			isa = PBXGroup;
			children = (
				67830920204E1AE3005A0DFE /* OpenProject_SwiftTests.swift */,
				67830922204E1AE3005A0DFE /* Info.plist */,
			);
			path = "OpenProject-SwiftTests";
			sourceTree = "<group>";
		};
		6783092A204E1AE3005A0DFE /* OpenProject-SwiftUITests */ = {
			isa = PBXGroup;
			children = (
				6783092B204E1AE3005A0DFE /* OpenProject_SwiftUITests.swift */,
				6783092D204E1AE3005A0DFE /* Info.plist */,
			);
			path = "OpenProject-SwiftUITests";
			sourceTree = "<group>";
		};
		67830948204E6D1D005A0DFE /* Msg */ = {
			isa = PBXGroup;
			children = (
				67E6C9DD2068B1E800103D40 /* Controller */,
				67E6C9DC2068B1E800103D40 /* View */,
				67EF0C56205F4F0F0079EB92 /* ViewModel */,
				67EF0C4D205F47570079EB92 /* Model */,
			);
			path = Msg;
			sourceTree = "<group>";
		};
		6783094B204E6D1D005A0DFE /* Main */ = {
			isa = PBXGroup;
			children = (
				67860FD62052719F00E7A050 /* MainViewModel.swift */,
				67ED5E562058B1A0001EC133 /* MainCell.swift */,
				67ED5E572058B1A0001EC133 /* MainCell.xib */,
				6783094D204E6D1D005A0DFE /* MainViewController.swift */,
				6783094C204E6D1D005A0DFE /* MainViewController.xib */,
				67E6C9E22068B34500103D40 /* SimpleTecIdeas */,
			);
			path = Main;
			sourceTree = "<group>";
		};
		6783094E204E6D1E005A0DFE /* Mine */ = {
			isa = PBXGroup;
			children = (
				67E6C9DA2068B1DC00103D40 /* Controller */,
				67E6C9D92068B1DC00103D40 /* Model */,
				67E6C9DB2068B1DD00103D40 /* View */,
				67E6C9D82068B1DC00103D40 /* ViewModel */,
			);
			path = Mine;
			sourceTree = "<group>";
		};
		67830951204E6D1E005A0DFE /* Photo */ = {
			isa = PBXGroup;
			children = (
				67E6C9DE2068B1F300103D40 /* Controller */,
				67E6C9DF2068B1F300103D40 /* Model */,
				67E6C9E12068B1F300103D40 /* View */,
				67E6C9E02068B1F300103D40 /* ViewModel */,
			);
			path = Photo;
			sourceTree = "<group>";
		};
		6783095C204E6D5B005A0DFE /* Base */ = {
			isa = PBXGroup;
			children = (
				67E6C9D02068B1C900103D40 /* Controller */,
				67E6C9D32068B1CA00103D40 /* Model */,
				67E6C9D12068B1C900103D40 /* View */,
				67E6C9D22068B1CA00103D40 /* ViewModel */,
				6783095D204E6D6B005A0DFE /* ExampleProvider.swift */,
				6783095F204E6EAF005A0DFE /* CHBaseNavigationController.swift */,
			);
			path = Base;
			sourceTree = "<group>";
		};
		67830961204E76FA005A0DFE /* Helper */ = {
			isa = PBXGroup;
			children = (
				67073A2C2064878300937299 /* Tools */,
				67ED5E5A2058C2BF001EC133 /* Extension */,
				67830962204E7708005A0DFE /* Content */,
			);
			path = Helper;
			sourceTree = "<group>";
		};
		67830962204E7708005A0DFE /* Content */ = {
			isa = PBXGroup;
			children = (
				67830963204E7708005A0DFE /* ExampleBackgroundContentView.swift */,
				67830964204E7708005A0DFE /* ExampleBouncesContentView.swift */,
				67830965204E7708005A0DFE /* ExampleAnimateTipsContentView.swift */,
				67830966204E7708005A0DFE /* ExampleBasicContentView.swift */,
				67830967204E7708005A0DFE /* ExampleHighlightableContentView.swift */,
				67830968204E7708005A0DFE /* ExampleTipsContentView.swift */,
				67830969204E7708005A0DFE /* ExampleIrregularityContentView.swift */,
			);
			path = Content;
			sourceTree = "<group>";
		};
		67A1F80A205BB0CB00EB36AF /* Common */ = {
			isa = PBXGroup;
			children = (
				672E1A6A207EEF5200A21750 /* Tools */,
				67E6CA012068B54F00103D40 /* Protocol */,
				67E6C9CA2068B17700103D40 /* Controller */,
				67E6C9CB2068B17700103D40 /* Model */,
				67E6C9C82068B17600103D40 /* View */,
				67E6C9C92068B17700103D40 /* ViewModel */,
				67A1F80B205BB0FE00EB36AF /* Common.swift */,
			);
			path = Common;
			sourceTree = "<group>";
		};
		67E6C9C82068B17600103D40 /* View */ = {
			isa = PBXGroup;
			children = (
				6765E8002079E51200B21FA8 /* WaterFlow */,
				67E6CA062069CB0000103D40 /* PageView */,
			);
			path = View;
			sourceTree = "<group>";
		};
		67E6C9C92068B17700103D40 /* ViewModel */ = {
			isa = PBXGroup;
			children = (
			);
			path = ViewModel;
			sourceTree = "<group>";
		};
		67E6C9CA2068B17700103D40 /* Controller */ = {
			isa = PBXGroup;
			children = (
			);
			path = Controller;
			sourceTree = "<group>";
		};
		67E6C9CB2068B17700103D40 /* Model */ = {
			isa = PBXGroup;
			children = (
			);
			path = Model;
			sourceTree = "<group>";
		};
		67E6C9D02068B1C900103D40 /* Controller */ = {
			isa = PBXGroup;
			children = (
			);
			path = Controller;
			sourceTree = "<group>";
		};
		67E6C9D12068B1C900103D40 /* View */ = {
			isa = PBXGroup;
			children = (
			);
			path = View;
			sourceTree = "<group>";
		};
		67E6C9D22068B1CA00103D40 /* ViewModel */ = {
			isa = PBXGroup;
			children = (
			);
			path = ViewModel;
			sourceTree = "<group>";
		};
		67E6C9D32068B1CA00103D40 /* Model */ = {
			isa = PBXGroup;
			children = (
			);
			path = Model;
			sourceTree = "<group>";
		};
		67E6C9D82068B1DC00103D40 /* ViewModel */ = {
			isa = PBXGroup;
			children = (
			);
			path = ViewModel;
			sourceTree = "<group>";
		};
		67E6C9D92068B1DC00103D40 /* Model */ = {
			isa = PBXGroup;
			children = (
			);
			path = Model;
			sourceTree = "<group>";
		};
		67E6C9DA2068B1DC00103D40 /* Controller */ = {
			isa = PBXGroup;
			children = (
				67830950204E6D1E005A0DFE /* MineViewController.swift */,
				6783094F204E6D1E005A0DFE /* MineViewController.xib */,
			);
			path = Controller;
			sourceTree = "<group>";
		};
		67E6C9DB2068B1DD00103D40 /* View */ = {
			isa = PBXGroup;
			children = (
			);
			path = View;
			sourceTree = "<group>";
		};
		67E6C9DC2068B1E800103D40 /* View */ = {
			isa = PBXGroup;
			children = (
			);
			path = View;
			sourceTree = "<group>";
		};
		67E6C9DD2068B1E800103D40 /* Controller */ = {
			isa = PBXGroup;
			children = (
				6783094A204E6D1D005A0DFE /* MsgViewController.swift */,
				67ED5E5D20591AC3001EC133 /* MsgViewController.xib */,
			);
			path = Controller;
			sourceTree = "<group>";
		};
		67E6C9DE2068B1F300103D40 /* Controller */ = {
			isa = PBXGroup;
			children = (
				67830958204E6D31005A0DFE /* PhotoViewController.swift */,
				67830959204E6D31005A0DFE /* PhotoViewController.xib */,
			);
			path = Controller;
			sourceTree = "<group>";
		};
		67E6C9DF2068B1F300103D40 /* Model */ = {
			isa = PBXGroup;
			children = (
			);
			path = Model;
			sourceTree = "<group>";
		};
		67E6C9E02068B1F300103D40 /* ViewModel */ = {
			isa = PBXGroup;
			children = (
			);
			path = ViewModel;
			sourceTree = "<group>";
		};
		67E6C9E12068B1F300103D40 /* View */ = {
			isa = PBXGroup;
			children = (
			);
			path = View;
			sourceTree = "<group>";
		};
		67E6C9E22068B34500103D40 /* SimpleTecIdeas */ = {
			isa = PBXGroup;
			children = (
				673D393220809480008BEC42 /* GPUImage */,
				672D616B20804AAF00D55C44 /* Captrue */,
				672D61592080336F00D55C44 /* Gif */,
				672E1A61207EEF0A00A21750 /* IM */,
				6765E801207A021000B21FA8 /* EmojiKeyboard */,
				67E6CA0D2069CBC100103D40 /* PageView */,
				67E6C9F82068B43400103D40 /* Emitter */,
				67E6C9EF2068B3B600103D40 /* WaterFlow */,
			);
			path = SimpleTecIdeas;
			sourceTree = "<group>";
		};
		67E6C9EF2068B3B600103D40 /* WaterFlow */ = {
			isa = PBXGroup;
			children = (
				67E6C9F02068B3B600103D40 /* ViewModel */,
				67E6C9F12068B3B600103D40 /* Controller */,
				67E6C9F42068B3B600103D40 /* Model */,
				67E6C9F52068B3B600103D40 /* View */,
			);
			path = WaterFlow;
			sourceTree = "<group>";
		};
		67E6C9F02068B3B600103D40 /* ViewModel */ = {
			isa = PBXGroup;
			children = (
			);
			path = ViewModel;
			sourceTree = "<group>";
		};
		67E6C9F12068B3B600103D40 /* Controller */ = {
			isa = PBXGroup;
			children = (
				67E6C9F32068B3B600103D40 /* WaterFlowViewController.swift */,
				67E6C9F22068B3B600103D40 /* WaterFlowViewController.xib */,
			);
			path = Controller;
			sourceTree = "<group>";
		};
		67E6C9F42068B3B600103D40 /* Model */ = {
			isa = PBXGroup;
			children = (
			);
			path = Model;
			sourceTree = "<group>";
		};
		67E6C9F52068B3B600103D40 /* View */ = {
			isa = PBXGroup;
			children = (
			);
			path = View;
			sourceTree = "<group>";
		};
		67E6C9F82068B43400103D40 /* Emitter */ = {
			isa = PBXGroup;
			children = (
				67E6C9F92068B43400103D40 /* ViewModel */,
				67E6C9FA2068B43400103D40 /* Controller */,
				67E6C9FB2068B43400103D40 /* Model */,
				67E6C9FC2068B43400103D40 /* View */,
			);
			path = Emitter;
			sourceTree = "<group>";
		};
		67E6C9F92068B43400103D40 /* ViewModel */ = {
			isa = PBXGroup;
			children = (
			);
			path = ViewModel;
			sourceTree = "<group>";
		};
		67E6C9FA2068B43400103D40 /* Controller */ = {
			isa = PBXGroup;
			children = (
				67E6C9FD2068B44F00103D40 /* EmitterViewController.swift */,
				67E6C9FE2068B44F00103D40 /* EmitterViewController.xib */,
			);
			path = Controller;
			sourceTree = "<group>";
		};
		67E6C9FB2068B43400103D40 /* Model */ = {
			isa = PBXGroup;
			children = (
			);
			path = Model;
			sourceTree = "<group>";
		};
		67E6C9FC2068B43400103D40 /* View */ = {
			isa = PBXGroup;
			children = (
			);
			path = View;
			sourceTree = "<group>";
		};
		67E6CA012068B54F00103D40 /* Protocol */ = {
			isa = PBXGroup;
			children = (
				67E6CA022068B5EB00103D40 /* Emitterable.swift */,
				67E6CA042068C4A800103D40 /* NibLoadable.swift */,
			);
			path = Protocol;
			sourceTree = "<group>";
		};
		67E6CA062069CB0000103D40 /* PageView */ = {
			isa = PBXGroup;
			children = (
				67E6CA072069CB3000103D40 /* NqwlPageView.swift */,
				67E6CA092069CB5400103D40 /* NqwlTitleView.swift */,
				67E6CA0B2069CB6000103D40 /* NqwlContentView.swift */,
				673A8152206A3AA90077FC8B /* NqwlTitleStyle.swift */,
				673A8154206B6A660077FC8B /* NqwlTitleCell.swift */,
				673A8155206B6A660077FC8B /* NqwlTitleCell.xib */,
				6765E7FE2079E3DE00B21FA8 /* NqwlPageCollectionViewLaout.swift */,
				6749FF03207AF7C600891BCC /* NqwlPageCollectionView.swift */,
			);
			path = PageView;
			sourceTree = "<group>";
		};
		67E6CA0D2069CBC100103D40 /* PageView */ = {
			isa = PBXGroup;
			children = (
				67E6CA112069CBDE00103D40 /* Controller */,
				67E6CA0E2069CBDE00103D40 /* Model */,
				67E6CA0F2069CBDE00103D40 /* View */,
				67E6CA102069CBDE00103D40 /* ViewModel */,
			);
			path = PageView;
			sourceTree = "<group>";
		};
		67E6CA0E2069CBDE00103D40 /* Model */ = {
			isa = PBXGroup;
			children = (
			);
			path = Model;
			sourceTree = "<group>";
		};
		67E6CA0F2069CBDE00103D40 /* View */ = {
			isa = PBXGroup;
			children = (
			);
			path = View;
			sourceTree = "<group>";
		};
		67E6CA102069CBDE00103D40 /* ViewModel */ = {
			isa = PBXGroup;
			children = (
			);
			path = ViewModel;
			sourceTree = "<group>";
		};
		67E6CA112069CBDE00103D40 /* Controller */ = {
			isa = PBXGroup;
			children = (
				67E6CA122069CBF300103D40 /* PageViewViewController.swift */,
				67E6CA132069CBF300103D40 /* PageViewViewController.xib */,
			);
			path = Controller;
			sourceTree = "<group>";
		};
		67ED5E5A2058C2BF001EC133 /* Extension */ = {
			isa = PBXGroup;
			children = (
				672D616A208041A400D55C44 /* Gif-Extension */,
				67ED5E5B2058C2D7001EC133 /* UIColor-Extension.swift */,
				67A1F808205BAE1100EB36AF /* UIImage-Color.swift */,
			);
			path = Extension;
			sourceTree = "<group>";
		};
		67EF0C4D205F47570079EB92 /* Model */ = {
			isa = PBXGroup;
			children = (
				67EF0C52205F4A4B0079EB92 /* PicModel.swift */,
				67EF0C54205F4BF80079EB92 /* MsgPicModel.swift */,
			);
			path = Model;
			sourceTree = "<group>";
		};
		67EF0C56205F4F0F0079EB92 /* ViewModel */ = {
			isa = PBXGroup;
			children = (
				67EF0C57205F4F280079EB92 /* MsgPicViewModel.swift */,
			);
			path = ViewModel;
			sourceTree = "<group>";
		};
		8F06AD802E11EC23264D1BDA /* Frameworks */ = {
			isa = PBXGroup;
			children = (
				50AFA823CB0E0BA66EDE9930 /* Pods_OpenProject_Swift.framework */,
				A6FD97F14F71D6A5EAC4DEDF /* Pods_OpenProject_SwiftTests.framework */,
				464FAB2B98406B64C6D52CA4 /* Pods_OpenProject_SwiftUITests.framework */,
			);
			name = Frameworks;
			sourceTree = "<group>";
		};
		FDF44EF6AB672917529F5A5B /* Pods */ = {
			isa = PBXGroup;
			children = (
				C5807FEAF82A3D285173038C /* Pods-OpenProject-Swift.debug.xcconfig */,
				70CCAF711A35B6B41AFE140A /* Pods-OpenProject-Swift.release.xcconfig */,
				6CAA77CE8563D0D856B62175 /* Pods-OpenProject-SwiftTests.debug.xcconfig */,
				104E6ECDEB1DBDEED3759B05 /* Pods-OpenProject-SwiftTests.release.xcconfig */,
				246C6EA61B17A692DEEAE69C /* Pods-OpenProject-SwiftUITests.debug.xcconfig */,
				2C394B00C7A695C6FB89FD4A /* Pods-OpenProject-SwiftUITests.release.xcconfig */,
			);
			name = Pods;
			sourceTree = "<group>";
		};
/* End PBXGroup section */

/* Begin PBXNativeTarget section */
		67830907204E1AE3005A0DFE /* OpenProject-Swift */ = {
			isa = PBXNativeTarget;
			buildConfigurationList = 67830930204E1AE3005A0DFE /* Build configuration list for PBXNativeTarget "OpenProject-Swift" */;
			buildPhases = (
				C2F36E21822069BB92930B78 /* [CP] Check Pods Manifest.lock */,
				67830904204E1AE3005A0DFE /* Sources */,
				67830905204E1AE3005A0DFE /* Frameworks */,
				67830906204E1AE3005A0DFE /* Resources */,
				FF85BAFD395C7955989443B3 /* [CP] Embed Pods Frameworks */,
				9496F4DEF6573756128AB717 /* [CP] Copy Pods Resources */,
			);
			buildRules = (
			);
			dependencies = (
			);
			name = "OpenProject-Swift";
			productName = "OpenProject-Swift";
			productReference = 67830908204E1AE3005A0DFE /* OpenProject-Swift.app */;
			productType = "com.apple.product-type.application";
		};
		6783091B204E1AE3005A0DFE /* OpenProject-SwiftTests */ = {
			isa = PBXNativeTarget;
			buildConfigurationList = 67830933204E1AE3005A0DFE /* Build configuration list for PBXNativeTarget "OpenProject-SwiftTests" */;
			buildPhases = (
				EA24FCE9CFCEC0BC2413E9FC /* [CP] Check Pods Manifest.lock */,
				67830918204E1AE3005A0DFE /* Sources */,
				67830919204E1AE3005A0DFE /* Frameworks */,
				6783091A204E1AE3005A0DFE /* Resources */,
				B4587F87BE662B82B76864C6 /* [CP] Embed Pods Frameworks */,
				BA9798F0655B4393E3D1AB27 /* [CP] Copy Pods Resources */,
			);
			buildRules = (
			);
			dependencies = (
				6783091E204E1AE3005A0DFE /* PBXTargetDependency */,
			);
			name = "OpenProject-SwiftTests";
			productName = "OpenProject-SwiftTests";
			productReference = 6783091C204E1AE3005A0DFE /* OpenProject-SwiftTests.xctest */;
			productType = "com.apple.product-type.bundle.unit-test";
		};
		67830926204E1AE3005A0DFE /* OpenProject-SwiftUITests */ = {
			isa = PBXNativeTarget;
			buildConfigurationList = 67830936204E1AE3005A0DFE /* Build configuration list for PBXNativeTarget "OpenProject-SwiftUITests" */;
			buildPhases = (
				84E311FE0D51011F8A83F161 /* [CP] Check Pods Manifest.lock */,
				67830923204E1AE3005A0DFE /* Sources */,
				67830924204E1AE3005A0DFE /* Frameworks */,
				67830925204E1AE3005A0DFE /* Resources */,
				FFE21D4E10F13846DB5E0A2F /* [CP] Embed Pods Frameworks */,
				61327F9A2C753A3F2A615D43 /* [CP] Copy Pods Resources */,
			);
			buildRules = (
			);
			dependencies = (
				67830929204E1AE3005A0DFE /* PBXTargetDependency */,
			);
			name = "OpenProject-SwiftUITests";
			productName = "OpenProject-SwiftUITests";
			productReference = 67830927204E1AE3005A0DFE /* OpenProject-SwiftUITests.xctest */;
			productType = "com.apple.product-type.bundle.ui-testing";
		};
/* End PBXNativeTarget section */

/* Begin PBXProject section */
		67830900204E1AE2005A0DFE /* Project object */ = {
			isa = PBXProject;
			attributes = {
				LastSwiftUpdateCheck = 0920;
				LastUpgradeCheck = 0920;
				ORGANIZATIONNAME = "陈辉";
				TargetAttributes = {
					67830907204E1AE3005A0DFE = {
						CreatedOnToolsVersion = 9.2;
						ProvisioningStyle = Automatic;
					};
					6783091B204E1AE3005A0DFE = {
						CreatedOnToolsVersion = 9.2;
						ProvisioningStyle = Automatic;
						TestTargetID = 67830907204E1AE3005A0DFE;
					};
					67830926204E1AE3005A0DFE = {
						CreatedOnToolsVersion = 9.2;
						ProvisioningStyle = Automatic;
						TestTargetID = 67830907204E1AE3005A0DFE;
					};
				};
			};
			buildConfigurationList = 67830903204E1AE2005A0DFE /* Build configuration list for PBXProject "OpenProject-Swift" */;
			compatibilityVersion = "Xcode 8.0";
			developmentRegion = en;
			hasScannedForEncodings = 0;
			knownRegions = (
				en,
				Base,
			);
			mainGroup = 678308FF204E1AE2005A0DFE;
			productRefGroup = 67830909204E1AE3005A0DFE /* Products */;
			projectDirPath = "";
			projectRoot = "";
			targets = (
				67830907204E1AE3005A0DFE /* OpenProject-Swift */,
				6783091B204E1AE3005A0DFE /* OpenProject-SwiftTests */,
				67830926204E1AE3005A0DFE /* OpenProject-SwiftUITests */,
			);
		};
/* End PBXProject section */

/* Begin PBXResourcesBuildPhase section */
		67830906204E1AE3005A0DFE /* Resources */ = {
			isa = PBXResourcesBuildPhase;
			buildActionMask = 2147483647;
			files = (
				67830916204E1AE3005A0DFE /* LaunchScreen.storyboard in Resources */,
				67E6C9F62068B3B600103D40 /* WaterFlowViewController.xib in Resources */,
				67ED5E592058B1A0001EC133 /* MainCell.xib in Resources */,
				67E6CA152069CBF300103D40 /* PageViewViewController.xib in Resources */,
				67E6CA002068B44F00103D40 /* EmitterViewController.xib in Resources */,
				6749FF12207B466D00891BCC /* EmojiCell.xib in Resources */,
				6783095B204E6D31005A0DFE /* PhotoViewController.xib in Resources */,
				673D393A208094A0008BEC42 /* GPUImageViewController.xib in Resources */,
				67830954204E6D1E005A0DFE /* MainViewController.xib in Resources */,
				6749FF08207B333E00891BCC /* XEmotionIcons.bundle in Resources */,
				67ED5E5E20591AC3001EC133 /* MsgViewController.xib in Resources */,
				67830913204E1AE3005A0DFE /* Assets.xcassets in Resources */,
				672D61612080338200D55C44 /* GifViewController.xib in Resources */,
				67830911204E1AE3005A0DFE /* Main.storyboard in Resources */,
				673D393E20847C8F008BEC42 /* ImageViewController.xib in Resources */,
				672D617320804AC300D55C44 /* CaptrueViewController.xib in Resources */,
				6765E809207A023400B21FA8 /* EmojiViewController.xib in Resources */,
				673A8157206B6A660077FC8B /* NqwlTitleCell.xib in Resources */,
				67830956204E6D1E005A0DFE /* MineViewController.xib in Resources */,
			);
			runOnlyForDeploymentPostprocessing = 0;
		};
		6783091A204E1AE3005A0DFE /* Resources */ = {
			isa = PBXResourcesBuildPhase;
			buildActionMask = 2147483647;
			files = (
			);
			runOnlyForDeploymentPostprocessing = 0;
		};
		67830925204E1AE3005A0DFE /* Resources */ = {
			isa = PBXResourcesBuildPhase;
			buildActionMask = 2147483647;
			files = (
			);
			runOnlyForDeploymentPostprocessing = 0;
		};
/* End PBXResourcesBuildPhase section */

/* Begin PBXShellScriptBuildPhase section */
		61327F9A2C753A3F2A615D43 /* [CP] Copy Pods Resources */ = {
			isa = PBXShellScriptBuildPhase;
			buildActionMask = 2147483647;
			files = (
			);
			inputPaths = (
			);
			name = "[CP] Copy Pods Resources";
			outputPaths = (
			);
			runOnlyForDeploymentPostprocessing = 0;
			shellPath = /bin/sh;
			shellScript = "\"${SRCROOT}/Pods/Target Support Files/Pods-OpenProject-SwiftUITests/Pods-OpenProject-SwiftUITests-resources.sh\"\n";
			showEnvVarsInLog = 0;
		};
		84E311FE0D51011F8A83F161 /* [CP] Check Pods Manifest.lock */ = {
			isa = PBXShellScriptBuildPhase;
			buildActionMask = 2147483647;
			files = (
			);
			inputPaths = (
				"${PODS_PODFILE_DIR_PATH}/Podfile.lock",
				"${PODS_ROOT}/Manifest.lock",
			);
			name = "[CP] Check Pods Manifest.lock";
			outputPaths = (
				"$(DERIVED_FILE_DIR)/Pods-OpenProject-SwiftUITests-checkManifestLockResult.txt",
			);
			runOnlyForDeploymentPostprocessing = 0;
			shellPath = /bin/sh;
			shellScript = "diff \"${PODS_PODFILE_DIR_PATH}/Podfile.lock\" \"${PODS_ROOT}/Manifest.lock\" > /dev/null\nif [ $? != 0 ] ; then\n    # print error to STDERR\n    echo \"error: The sandbox is not in sync with the Podfile.lock. Run 'pod install' or update your CocoaPods installation.\" >&2\n    exit 1\nfi\n# This output is used by Xcode 'outputs' to avoid re-running this script phase.\necho \"SUCCESS\" > \"${SCRIPT_OUTPUT_FILE_0}\"\n";
			showEnvVarsInLog = 0;
		};
		9496F4DEF6573756128AB717 /* [CP] Copy Pods Resources */ = {
			isa = PBXShellScriptBuildPhase;
			buildActionMask = 2147483647;
			files = (
			);
			inputPaths = (
			);
			name = "[CP] Copy Pods Resources";
			outputPaths = (
			);
			runOnlyForDeploymentPostprocessing = 0;
			shellPath = /bin/sh;
			shellScript = "\"${SRCROOT}/Pods/Target Support Files/Pods-OpenProject-Swift/Pods-OpenProject-Swift-resources.sh\"\n";
			showEnvVarsInLog = 0;
		};
		B4587F87BE662B82B76864C6 /* [CP] Embed Pods Frameworks */ = {
			isa = PBXShellScriptBuildPhase;
			buildActionMask = 2147483647;
			files = (
			);
			inputPaths = (
			);
			name = "[CP] Embed Pods Frameworks";
			outputPaths = (
			);
			runOnlyForDeploymentPostprocessing = 0;
			shellPath = /bin/sh;
			shellScript = "\"${SRCROOT}/Pods/Target Support Files/Pods-OpenProject-SwiftTests/Pods-OpenProject-SwiftTests-frameworks.sh\"\n";
			showEnvVarsInLog = 0;
		};
		BA9798F0655B4393E3D1AB27 /* [CP] Copy Pods Resources */ = {
			isa = PBXShellScriptBuildPhase;
			buildActionMask = 2147483647;
			files = (
			);
			inputPaths = (
			);
			name = "[CP] Copy Pods Resources";
			outputPaths = (
			);
			runOnlyForDeploymentPostprocessing = 0;
			shellPath = /bin/sh;
			shellScript = "\"${SRCROOT}/Pods/Target Support Files/Pods-OpenProject-SwiftTests/Pods-OpenProject-SwiftTests-resources.sh\"\n";
			showEnvVarsInLog = 0;
		};
		C2F36E21822069BB92930B78 /* [CP] Check Pods Manifest.lock */ = {
			isa = PBXShellScriptBuildPhase;
			buildActionMask = 2147483647;
			files = (
			);
			inputPaths = (
				"${PODS_PODFILE_DIR_PATH}/Podfile.lock",
				"${PODS_ROOT}/Manifest.lock",
			);
			name = "[CP] Check Pods Manifest.lock";
			outputPaths = (
				"$(DERIVED_FILE_DIR)/Pods-OpenProject-Swift-checkManifestLockResult.txt",
			);
			runOnlyForDeploymentPostprocessing = 0;
			shellPath = /bin/sh;
			shellScript = "diff \"${PODS_PODFILE_DIR_PATH}/Podfile.lock\" \"${PODS_ROOT}/Manifest.lock\" > /dev/null\nif [ $? != 0 ] ; then\n    # print error to STDERR\n    echo \"error: The sandbox is not in sync with the Podfile.lock. Run 'pod install' or update your CocoaPods installation.\" >&2\n    exit 1\nfi\n# This output is used by Xcode 'outputs' to avoid re-running this script phase.\necho \"SUCCESS\" > \"${SCRIPT_OUTPUT_FILE_0}\"\n";
			showEnvVarsInLog = 0;
		};
		EA24FCE9CFCEC0BC2413E9FC /* [CP] Check Pods Manifest.lock */ = {
			isa = PBXShellScriptBuildPhase;
			buildActionMask = 2147483647;
			files = (
			);
			inputPaths = (
				"${PODS_PODFILE_DIR_PATH}/Podfile.lock",
				"${PODS_ROOT}/Manifest.lock",
			);
			name = "[CP] Check Pods Manifest.lock";
			outputPaths = (
				"$(DERIVED_FILE_DIR)/Pods-OpenProject-SwiftTests-checkManifestLockResult.txt",
			);
			runOnlyForDeploymentPostprocessing = 0;
			shellPath = /bin/sh;
			shellScript = "diff \"${PODS_PODFILE_DIR_PATH}/Podfile.lock\" \"${PODS_ROOT}/Manifest.lock\" > /dev/null\nif [ $? != 0 ] ; then\n    # print error to STDERR\n    echo \"error: The sandbox is not in sync with the Podfile.lock. Run 'pod install' or update your CocoaPods installation.\" >&2\n    exit 1\nfi\n# This output is used by Xcode 'outputs' to avoid re-running this script phase.\necho \"SUCCESS\" > \"${SCRIPT_OUTPUT_FILE_0}\"\n";
			showEnvVarsInLog = 0;
		};
		FF85BAFD395C7955989443B3 /* [CP] Embed Pods Frameworks */ = {
			isa = PBXShellScriptBuildPhase;
			buildActionMask = 2147483647;
			files = (
			);
			inputPaths = (
				"${SRCROOT}/Pods/Target Support Files/Pods-OpenProject-Swift/Pods-OpenProject-Swift-frameworks.sh",
				"${BUILT_PRODUCTS_DIR}/Alamofire/Alamofire.framework",
				"${BUILT_PRODUCTS_DIR}/ESTabBarController-swift/ESTabBarController_swift.framework",
				"${BUILT_PRODUCTS_DIR}/EmptyDataSet-Swift/EmptyDataSet_Swift.framework",
				"${BUILT_PRODUCTS_DIR}/GDPerformanceView-Swift/GDPerformanceView_Swift.framework",
				"${BUILT_PRODUCTS_DIR}/GPUImage/GPUImage.framework",
				"${BUILT_PRODUCTS_DIR}/HandyJSON/HandyJSON.framework",
				"${BUILT_PRODUCTS_DIR}/Kingfisher/Kingfisher.framework",
				"${BUILT_PRODUCTS_DIR}/Moya/Moya.framework",
				"${BUILT_PRODUCTS_DIR}/Result/Result.framework",
				"${BUILT_PRODUCTS_DIR}/RxCocoa/RxCocoa.framework",
				"${BUILT_PRODUCTS_DIR}/RxSwift/RxSwift.framework",
			);
			name = "[CP] Embed Pods Frameworks";
			outputPaths = (
				"${TARGET_BUILD_DIR}/${FRAMEWORKS_FOLDER_PATH}/Alamofire.framework",
				"${TARGET_BUILD_DIR}/${FRAMEWORKS_FOLDER_PATH}/ESTabBarController_swift.framework",
				"${TARGET_BUILD_DIR}/${FRAMEWORKS_FOLDER_PATH}/EmptyDataSet_Swift.framework",
				"${TARGET_BUILD_DIR}/${FRAMEWORKS_FOLDER_PATH}/GDPerformanceView_Swift.framework",
				"${TARGET_BUILD_DIR}/${FRAMEWORKS_FOLDER_PATH}/GPUImage.framework",
				"${TARGET_BUILD_DIR}/${FRAMEWORKS_FOLDER_PATH}/HandyJSON.framework",
				"${TARGET_BUILD_DIR}/${FRAMEWORKS_FOLDER_PATH}/Kingfisher.framework",
				"${TARGET_BUILD_DIR}/${FRAMEWORKS_FOLDER_PATH}/Moya.framework",
				"${TARGET_BUILD_DIR}/${FRAMEWORKS_FOLDER_PATH}/Result.framework",
				"${TARGET_BUILD_DIR}/${FRAMEWORKS_FOLDER_PATH}/RxCocoa.framework",
				"${TARGET_BUILD_DIR}/${FRAMEWORKS_FOLDER_PATH}/RxSwift.framework",
			);
			runOnlyForDeploymentPostprocessing = 0;
			shellPath = /bin/sh;
			shellScript = "\"${SRCROOT}/Pods/Target Support Files/Pods-OpenProject-Swift/Pods-OpenProject-Swift-frameworks.sh\"\n";
			showEnvVarsInLog = 0;
		};
		FFE21D4E10F13846DB5E0A2F /* [CP] Embed Pods Frameworks */ = {
			isa = PBXShellScriptBuildPhase;
			buildActionMask = 2147483647;
			files = (
			);
			inputPaths = (
			);
			name = "[CP] Embed Pods Frameworks";
			outputPaths = (
			);
			runOnlyForDeploymentPostprocessing = 0;
			shellPath = /bin/sh;
			shellScript = "\"${SRCROOT}/Pods/Target Support Files/Pods-OpenProject-SwiftUITests/Pods-OpenProject-SwiftUITests-frameworks.sh\"\n";
			showEnvVarsInLog = 0;
		};
/* End PBXShellScriptBuildPhase section */

/* Begin PBXSourcesBuildPhase section */
		67830904204E1AE3005A0DFE /* Sources */ = {
			isa = PBXSourcesBuildPhase;
			buildActionMask = 2147483647;
			files = (
				673A8153206A3AA90077FC8B /* NqwlTitleStyle.swift in Sources */,
				67073A2E206487E300937299 /* NetworkExtension.swift in Sources */,
				6749FF16207C496A00891BCC /* LXHEmotionModel.swift in Sources */,
				67F4EBE5208089FE00559EE7 /* AVCaptrueManager.swift in Sources */,
				67830953204E6D1E005A0DFE /* MsgViewController.swift in Sources */,
				6749FF18207C85A700891BCC /* EmotionViewModel.swift in Sources */,
				6783090E204E1AE3005A0DFE /* ViewController.swift in Sources */,
				67E6CA052068C4A800103D40 /* NibLoadable.swift in Sources */,
				67ED5E582058B1A0001EC133 /* MainCell.swift in Sources */,
				67A1F80C205BB0FE00EB36AF /* Common.swift in Sources */,
				672D617220804AC300D55C44 /* CaptrueViewController.swift in Sources */,
				67E6CA032068B5EB00103D40 /* Emitterable.swift in Sources */,
				67830960204E6EAF005A0DFE /* CHBaseNavigationController.swift in Sources */,
				67E6CA082069CB3000103D40 /* NqwlPageView.swift in Sources */,
				6749FF14207C494A00891BCC /* QQEmotionModel.swift in Sources */,
				6783090C204E1AE3005A0DFE /* AppDelegate.swift in Sources */,
				672D61692080350A00D55C44 /* UIImageView-NqwlGif.swift in Sources */,
				672D6164208033BF00D55C44 /* ImageFrame.swift in Sources */,
				67EF0C51205F479D0079EB92 /* NqwlWaterFlowLayout.swift in Sources */,
				67830955204E6D1E005A0DFE /* MainViewController.swift in Sources */,
				6783096F204E7708005A0DFE /* ExampleTipsContentView.swift in Sources */,
				67E6CA0A2069CB5400103D40 /* NqwlTitleView.swift in Sources */,
				67E6C9F72068B3B600103D40 /* WaterFlowViewController.swift in Sources */,
				6783096A204E7708005A0DFE /* ExampleBackgroundContentView.swift in Sources */,
				6783095E204E6D6B005A0DFE /* ExampleProvider.swift in Sources */,
				673D3939208094A0008BEC42 /* GPUImageViewController.swift in Sources */,
				67EF0C58205F4F280079EB92 /* MsgPicViewModel.swift in Sources */,
				6765E808207A023400B21FA8 /* EmojiViewController.swift in Sources */,
				6783096E204E7708005A0DFE /* ExampleHighlightableContentView.swift in Sources */,
				67830970204E7708005A0DFE /* ExampleIrregularityContentView.swift in Sources */,
				6749FF11207B466D00891BCC /* EmojiCell.swift in Sources */,
				67E6CA142069CBF300103D40 /* PageViewViewController.swift in Sources */,
				6783096C204E7708005A0DFE /* ExampleAnimateTipsContentView.swift in Sources */,
				6765E7FF2079E3DE00B21FA8 /* NqwlPageCollectionViewLaout.swift in Sources */,
				67E6CA0C2069CB6000103D40 /* NqwlContentView.swift in Sources */,
				67EF0C53205F4A4B0079EB92 /* PicModel.swift in Sources */,
				6749FF04207AF7C600891BCC /* NqwlPageCollectionView.swift in Sources */,
				673D393D20847C8F008BEC42 /* ImageViewController.swift in Sources */,
				67073A30206487F800937299 /* KingfisherExtension.swift in Sources */,
				673A8156206B6A660077FC8B /* NqwlTitleCell.swift in Sources */,
				67E6C9FF2068B44F00103D40 /* EmitterViewController.swift in Sources */,
				67EF0C55205F4BF80079EB92 /* MsgPicModel.swift in Sources */,
				6783096D204E7708005A0DFE /* ExampleBasicContentView.swift in Sources */,
				67A1F809205BAE1100EB36AF /* UIImage-Color.swift in Sources */,
				67ED5E5C2058C2D7001EC133 /* UIColor-Extension.swift in Sources */,
				672D61602080338200D55C44 /* GifViewController.swift in Sources */,
				67830957204E6D1E005A0DFE /* MineViewController.swift in Sources */,
				6783095A204E6D31005A0DFE /* PhotoViewController.swift in Sources */,
				6783096B204E7708005A0DFE /* ExampleBouncesContentView.swift in Sources */,
				672D6165208033BF00D55C44 /* Animator.swift in Sources */,
				67860FD72052719F00E7A050 /* MainViewModel.swift in Sources */,
			);
			runOnlyForDeploymentPostprocessing = 0;
		};
		67830918204E1AE3005A0DFE /* Sources */ = {
			isa = PBXSourcesBuildPhase;
			buildActionMask = 2147483647;
			files = (
				67830921204E1AE3005A0DFE /* OpenProject_SwiftTests.swift in Sources */,
			);
			runOnlyForDeploymentPostprocessing = 0;
		};
		67830923204E1AE3005A0DFE /* Sources */ = {
			isa = PBXSourcesBuildPhase;
			buildActionMask = 2147483647;
			files = (
				6783092C204E1AE3005A0DFE /* OpenProject_SwiftUITests.swift in Sources */,
			);
			runOnlyForDeploymentPostprocessing = 0;
		};
/* End PBXSourcesBuildPhase section */

/* Begin PBXTargetDependency section */
		6783091E204E1AE3005A0DFE /* PBXTargetDependency */ = {
			isa = PBXTargetDependency;
			target = 67830907204E1AE3005A0DFE /* OpenProject-Swift */;
			targetProxy = 6783091D204E1AE3005A0DFE /* PBXContainerItemProxy */;
		};
		67830929204E1AE3005A0DFE /* PBXTargetDependency */ = {
			isa = PBXTargetDependency;
			target = 67830907204E1AE3005A0DFE /* OpenProject-Swift */;
			targetProxy = 67830928204E1AE3005A0DFE /* PBXContainerItemProxy */;
		};
/* End PBXTargetDependency section */

/* Begin PBXVariantGroup section */
		6783090F204E1AE3005A0DFE /* Main.storyboard */ = {
			isa = PBXVariantGroup;
			children = (
				67830910204E1AE3005A0DFE /* Base */,
			);
			name = Main.storyboard;
			sourceTree = "<group>";
		};
		67830914204E1AE3005A0DFE /* LaunchScreen.storyboard */ = {
			isa = PBXVariantGroup;
			children = (
				67830915204E1AE3005A0DFE /* Base */,
			);
			name = LaunchScreen.storyboard;
			sourceTree = "<group>";
		};
/* End PBXVariantGroup section */

/* Begin XCBuildConfiguration section */
		6783092E204E1AE3005A0DFE /* Debug */ = {
			isa = XCBuildConfiguration;
			buildSettings = {
				ALWAYS_SEARCH_USER_PATHS = NO;
				CLANG_ANALYZER_NONNULL = YES;
				CLANG_ANALYZER_NUMBER_OBJECT_CONVERSION = YES_AGGRESSIVE;
				CLANG_CXX_LANGUAGE_STANDARD = "gnu++14";
				CLANG_CXX_LIBRARY = "libc++";
				CLANG_ENABLE_MODULES = YES;
				CLANG_ENABLE_OBJC_ARC = YES;
				CLANG_WARN_BLOCK_CAPTURE_AUTORELEASING = YES;
				CLANG_WARN_BOOL_CONVERSION = YES;
				CLANG_WARN_COMMA = YES;
				CLANG_WARN_CONSTANT_CONVERSION = YES;
				CLANG_WARN_DIRECT_OBJC_ISA_USAGE = YES_ERROR;
				CLANG_WARN_DOCUMENTATION_COMMENTS = YES;
				CLANG_WARN_EMPTY_BODY = YES;
				CLANG_WARN_ENUM_CONVERSION = YES;
				CLANG_WARN_INFINITE_RECURSION = YES;
				CLANG_WARN_INT_CONVERSION = YES;
				CLANG_WARN_NON_LITERAL_NULL_CONVERSION = YES;
				CLANG_WARN_OBJC_LITERAL_CONVERSION = YES;
				CLANG_WARN_OBJC_ROOT_CLASS = YES_ERROR;
				CLANG_WARN_RANGE_LOOP_ANALYSIS = YES;
				CLANG_WARN_STRICT_PROTOTYPES = YES;
				CLANG_WARN_SUSPICIOUS_MOVE = YES;
				CLANG_WARN_UNGUARDED_AVAILABILITY = YES_AGGRESSIVE;
				CLANG_WARN_UNREACHABLE_CODE = YES;
				CLANG_WARN__DUPLICATE_METHOD_MATCH = YES;
				CODE_SIGN_IDENTITY = "iPhone Developer";
				COPY_PHASE_STRIP = NO;
				DEBUG_INFORMATION_FORMAT = dwarf;
				ENABLE_STRICT_OBJC_MSGSEND = YES;
				ENABLE_TESTABILITY = YES;
				GCC_C_LANGUAGE_STANDARD = gnu11;
				GCC_DYNAMIC_NO_PIC = NO;
				GCC_NO_COMMON_BLOCKS = YES;
				GCC_OPTIMIZATION_LEVEL = 0;
				GCC_PREPROCESSOR_DEFINITIONS = (
					"DEBUG=1",
					"$(inherited)",
				);
				GCC_WARN_64_TO_32_BIT_CONVERSION = YES;
				GCC_WARN_ABOUT_RETURN_TYPE = YES_ERROR;
				GCC_WARN_UNDECLARED_SELECTOR = YES;
				GCC_WARN_UNINITIALIZED_AUTOS = YES_AGGRESSIVE;
				GCC_WARN_UNUSED_FUNCTION = YES;
				GCC_WARN_UNUSED_VARIABLE = YES;
				IPHONEOS_DEPLOYMENT_TARGET = 8.0;
				MTL_ENABLE_DEBUG_INFO = YES;
				ONLY_ACTIVE_ARCH = YES;
				SDKROOT = iphoneos;
				SWIFT_ACTIVE_COMPILATION_CONDITIONS = DEBUG;
				SWIFT_OPTIMIZATION_LEVEL = "-Onone";
			};
			name = Debug;
		};
		6783092F204E1AE3005A0DFE /* Release */ = {
			isa = XCBuildConfiguration;
			buildSettings = {
				ALWAYS_SEARCH_USER_PATHS = NO;
				CLANG_ANALYZER_NONNULL = YES;
				CLANG_ANALYZER_NUMBER_OBJECT_CONVERSION = YES_AGGRESSIVE;
				CLANG_CXX_LANGUAGE_STANDARD = "gnu++14";
				CLANG_CXX_LIBRARY = "libc++";
				CLANG_ENABLE_MODULES = YES;
				CLANG_ENABLE_OBJC_ARC = YES;
				CLANG_WARN_BLOCK_CAPTURE_AUTORELEASING = YES;
				CLANG_WARN_BOOL_CONVERSION = YES;
				CLANG_WARN_COMMA = YES;
				CLANG_WARN_CONSTANT_CONVERSION = YES;
				CLANG_WARN_DIRECT_OBJC_ISA_USAGE = YES_ERROR;
				CLANG_WARN_DOCUMENTATION_COMMENTS = YES;
				CLANG_WARN_EMPTY_BODY = YES;
				CLANG_WARN_ENUM_CONVERSION = YES;
				CLANG_WARN_INFINITE_RECURSION = YES;
				CLANG_WARN_INT_CONVERSION = YES;
				CLANG_WARN_NON_LITERAL_NULL_CONVERSION = YES;
				CLANG_WARN_OBJC_LITERAL_CONVERSION = YES;
				CLANG_WARN_OBJC_ROOT_CLASS = YES_ERROR;
				CLANG_WARN_RANGE_LOOP_ANALYSIS = YES;
				CLANG_WARN_STRICT_PROTOTYPES = YES;
				CLANG_WARN_SUSPICIOUS_MOVE = YES;
				CLANG_WARN_UNGUARDED_AVAILABILITY = YES_AGGRESSIVE;
				CLANG_WARN_UNREACHABLE_CODE = YES;
				CLANG_WARN__DUPLICATE_METHOD_MATCH = YES;
				CODE_SIGN_IDENTITY = "iPhone Developer";
				COPY_PHASE_STRIP = NO;
				DEBUG_INFORMATION_FORMAT = "dwarf-with-dsym";
				ENABLE_NS_ASSERTIONS = NO;
				ENABLE_STRICT_OBJC_MSGSEND = YES;
				GCC_C_LANGUAGE_STANDARD = gnu11;
				GCC_NO_COMMON_BLOCKS = YES;
				GCC_WARN_64_TO_32_BIT_CONVERSION = YES;
				GCC_WARN_ABOUT_RETURN_TYPE = YES_ERROR;
				GCC_WARN_UNDECLARED_SELECTOR = YES;
				GCC_WARN_UNINITIALIZED_AUTOS = YES_AGGRESSIVE;
				GCC_WARN_UNUSED_FUNCTION = YES;
				GCC_WARN_UNUSED_VARIABLE = YES;
				IPHONEOS_DEPLOYMENT_TARGET = 8.0;
				MTL_ENABLE_DEBUG_INFO = NO;
				SDKROOT = iphoneos;
				SWIFT_OPTIMIZATION_LEVEL = "-Owholemodule";
				VALIDATE_PRODUCT = YES;
			};
			name = Release;
		};
		67830931204E1AE3005A0DFE /* Debug */ = {
			isa = XCBuildConfiguration;
			baseConfigurationReference = C5807FEAF82A3D285173038C /* Pods-OpenProject-Swift.debug.xcconfig */;
			buildSettings = {
				ASSETCATALOG_COMPILER_APPICON_NAME = AppIcon;
				CODE_SIGN_STYLE = Automatic;
				DEVELOPMENT_TEAM = GMRXFU548C;
				INFOPLIST_FILE = "OpenProject-Swift/Info.plist";
				IPHONEOS_DEPLOYMENT_TARGET = 8.0;
				LD_RUNPATH_SEARCH_PATHS = "$(inherited) @executable_path/Frameworks";
				PRODUCT_BUNDLE_IDENTIFIER = "com.cza.OpenProject-Swift";
				PRODUCT_NAME = "$(TARGET_NAME)";
				SWIFT_VERSION = 4.0;
				TARGETED_DEVICE_FAMILY = 1;
			};
			name = Debug;
		};
		67830932204E1AE3005A0DFE /* Release */ = {
			isa = XCBuildConfiguration;
			baseConfigurationReference = 70CCAF711A35B6B41AFE140A /* Pods-OpenProject-Swift.release.xcconfig */;
			buildSettings = {
				ASSETCATALOG_COMPILER_APPICON_NAME = AppIcon;
				CODE_SIGN_STYLE = Automatic;
				DEVELOPMENT_TEAM = GMRXFU548C;
				INFOPLIST_FILE = "OpenProject-Swift/Info.plist";
				IPHONEOS_DEPLOYMENT_TARGET = 8.0;
				LD_RUNPATH_SEARCH_PATHS = "$(inherited) @executable_path/Frameworks";
				PRODUCT_BUNDLE_IDENTIFIER = "com.cza.OpenProject-Swift";
				PRODUCT_NAME = "$(TARGET_NAME)";
				SWIFT_VERSION = 4.0;
				TARGETED_DEVICE_FAMILY = 1;
			};
			name = Release;
		};
		67830934204E1AE3005A0DFE /* Debug */ = {
			isa = XCBuildConfiguration;
			baseConfigurationReference = 6CAA77CE8563D0D856B62175 /* Pods-OpenProject-SwiftTests.debug.xcconfig */;
			buildSettings = {
				ALWAYS_EMBED_SWIFT_STANDARD_LIBRARIES = YES;
				BUNDLE_LOADER = "$(TEST_HOST)";
				CODE_SIGN_STYLE = Automatic;
				DEVELOPMENT_TEAM = GMRXFU548C;
				INFOPLIST_FILE = "OpenProject-SwiftTests/Info.plist";
				LD_RUNPATH_SEARCH_PATHS = "$(inherited) @executable_path/Frameworks @loader_path/Frameworks";
				PRODUCT_BUNDLE_IDENTIFIER = "com.cza.OpenProject-SwiftTests";
				PRODUCT_NAME = "$(TARGET_NAME)";
				SWIFT_VERSION = 4.0;
				TARGETED_DEVICE_FAMILY = "1,2";
				TEST_HOST = "$(BUILT_PRODUCTS_DIR)/OpenProject-Swift.app/OpenProject-Swift";
			};
			name = Debug;
		};
		67830935204E1AE3005A0DFE /* Release */ = {
			isa = XCBuildConfiguration;
			baseConfigurationReference = 104E6ECDEB1DBDEED3759B05 /* Pods-OpenProject-SwiftTests.release.xcconfig */;
			buildSettings = {
				ALWAYS_EMBED_SWIFT_STANDARD_LIBRARIES = YES;
				BUNDLE_LOADER = "$(TEST_HOST)";
				CODE_SIGN_STYLE = Automatic;
				DEVELOPMENT_TEAM = GMRXFU548C;
				INFOPLIST_FILE = "OpenProject-SwiftTests/Info.plist";
				LD_RUNPATH_SEARCH_PATHS = "$(inherited) @executable_path/Frameworks @loader_path/Frameworks";
				PRODUCT_BUNDLE_IDENTIFIER = "com.cza.OpenProject-SwiftTests";
				PRODUCT_NAME = "$(TARGET_NAME)";
				SWIFT_VERSION = 4.0;
				TARGETED_DEVICE_FAMILY = "1,2";
				TEST_HOST = "$(BUILT_PRODUCTS_DIR)/OpenProject-Swift.app/OpenProject-Swift";
			};
			name = Release;
		};
		67830937204E1AE3005A0DFE /* Debug */ = {
			isa = XCBuildConfiguration;
			baseConfigurationReference = 246C6EA61B17A692DEEAE69C /* Pods-OpenProject-SwiftUITests.debug.xcconfig */;
			buildSettings = {
				ALWAYS_EMBED_SWIFT_STANDARD_LIBRARIES = YES;
				CODE_SIGN_STYLE = Automatic;
				DEVELOPMENT_TEAM = GMRXFU548C;
				INFOPLIST_FILE = "OpenProject-SwiftUITests/Info.plist";
				LD_RUNPATH_SEARCH_PATHS = "$(inherited) @executable_path/Frameworks @loader_path/Frameworks";
				PRODUCT_BUNDLE_IDENTIFIER = "com.cza.OpenProject-SwiftUITests";
				PRODUCT_NAME = "$(TARGET_NAME)";
				SWIFT_VERSION = 4.0;
				TARGETED_DEVICE_FAMILY = "1,2";
				TEST_TARGET_NAME = "OpenProject-Swift";
			};
			name = Debug;
		};
		67830938204E1AE3005A0DFE /* Release */ = {
			isa = XCBuildConfiguration;
			baseConfigurationReference = 2C394B00C7A695C6FB89FD4A /* Pods-OpenProject-SwiftUITests.release.xcconfig */;
			buildSettings = {
				ALWAYS_EMBED_SWIFT_STANDARD_LIBRARIES = YES;
				CODE_SIGN_STYLE = Automatic;
				DEVELOPMENT_TEAM = GMRXFU548C;
				INFOPLIST_FILE = "OpenProject-SwiftUITests/Info.plist";
				LD_RUNPATH_SEARCH_PATHS = "$(inherited) @executable_path/Frameworks @loader_path/Frameworks";
				PRODUCT_BUNDLE_IDENTIFIER = "com.cza.OpenProject-SwiftUITests";
				PRODUCT_NAME = "$(TARGET_NAME)";
				SWIFT_VERSION = 4.0;
				TARGETED_DEVICE_FAMILY = "1,2";
				TEST_TARGET_NAME = "OpenProject-Swift";
			};
			name = Release;
		};
/* End XCBuildConfiguration section */

/* Begin XCConfigurationList section */
		67830903204E1AE2005A0DFE /* Build configuration list for PBXProject "OpenProject-Swift" */ = {
			isa = XCConfigurationList;
			buildConfigurations = (
				6783092E204E1AE3005A0DFE /* Debug */,
				6783092F204E1AE3005A0DFE /* Release */,
			);
			defaultConfigurationIsVisible = 0;
			defaultConfigurationName = Release;
		};
		67830930204E1AE3005A0DFE /* Build configuration list for PBXNativeTarget "OpenProject-Swift" */ = {
			isa = XCConfigurationList;
			buildConfigurations = (
				67830931204E1AE3005A0DFE /* Debug */,
				67830932204E1AE3005A0DFE /* Release */,
			);
			defaultConfigurationIsVisible = 0;
			defaultConfigurationName = Release;
		};
		67830933204E1AE3005A0DFE /* Build configuration list for PBXNativeTarget "OpenProject-SwiftTests" */ = {
			isa = XCConfigurationList;
			buildConfigurations = (
				67830934204E1AE3005A0DFE /* Debug */,
				67830935204E1AE3005A0DFE /* Release */,
			);
			defaultConfigurationIsVisible = 0;
			defaultConfigurationName = Release;
		};
		67830936204E1AE3005A0DFE /* Build configuration list for PBXNativeTarget "OpenProject-SwiftUITests" */ = {
			isa = XCConfigurationList;
			buildConfigurations = (
				67830937204E1AE3005A0DFE /* Debug */,
				67830938204E1AE3005A0DFE /* Release */,
			);
			defaultConfigurationIsVisible = 0;
			defaultConfigurationName = Release;
		};
/* End XCConfigurationList section */
	};
	rootObject = 67830900204E1AE2005A0DFE /* Project object */;
}
